PODS:
  - AppAuth (1.7.6):
    - AppAuth/Core (= 1.7.6)
    - AppAuth/ExternalUserAgent (= 1.7.6)
  - AppAuth/Core (1.7.6)
  - AppAuth/ExternalUserAgent (1.7.6):
    - AppAuth/Core
  - GoogleSignIn (7.0.0):
    - AppAuth (~> 1.5)
    - GTMAppAuth (< 3.0, >= 1.3)
    - GTMSessionFetcher/Core (< 4.0, >= 1.1)
  - GTMAppAuth (2.0.0):
    - AppAuth/Core (~> 1.6)
    - GTMSessionFetcher/Core (< 4.0, >= 1.5)
  - GTMSessionFetcher/Core (3.5.0)
  - KeychainAccess (4.2.2)
  - OTFCareKit/CareHealth (2.0.2-tf.2):
    - OTFCareKitStore/CareHealth (= 2.0.2-tf.2)
    - OTFCareKitUI (= 2.0.2-tf.2)
  - OTFCareKitStore/CareHealth (2.0.2-tf.2)
  - OTFCareKitUI (2.0.2-tf.2)
  - OTFCDTDatastore (2.1.1-tf.3):
    - OTFCDTDatastore/standard (= 2.1.1-tf.3)
  - OTFCDTDatastore/common-dependencies (2.1.1-tf.3):
    - OTFCDTDatastore/no-arc
    - OTFToolBoxCore (= 2.5.0)
  - OTFCDTDatastore/no-arc (2.1.1-tf.3)
  - OTFCDTDatastore/standard (2.1.1-tf.3):
    - OTFCDTDatastore/common-dependencies
  - OTFCloudantStore/CloudantCareHealth (2.1.0):
    - OTFCareKitStore/CareHealth (= 2.0.2-tf.2)
    - OTFCDTDatastore (= 2.1.1-tf.3)
    - OTFCloudClientAPI (= 2.1.0)
    - OTFUtilities (= 2.0.0)
  - OTFCloudClientAPI (2.1.0):
    - KeychainAccess
    - OTFCDTDatastore (= 2.1.1-tf.3)
    - OTFUtilities (= 2.0.0)
  - OTFDesignSystem (2.1.0)
  - OTFResearchKit (2.0.0-tf.2):
    - OTFResearchKit/Care (= 2.0.0-tf.2)
  - OTFResearchKit/Care (2.0.0-tf.2)
  - OTFTemplateBox (2.0.0):
    - OTFUtilities (= 2.0.0)
    - Yams
  - OTFToolBox/CareHealth (2.5.0):
    - OTFCareKit/CareHealth (= 2.0.2-tf.2)
    - OTFCloudantStore/CloudantCareHealth (= 2.1.0)
    - OTFCloudClientAPI (= 2.1.0)
    - OTFDesignSystem (= 2.1.0)
    - OTFResearchKit (= 2.0.0-tf.2)
    - OTFTemplateBox (= 2.0.0)
    - OTFToolBoxCore (= 2.5.0)
  - OTFToolBoxCore (2.5.0)
  - OTFUtilities (2.0.0):
    - Sodium (= 0.9.1)
  - Sodium (0.9.1)
  - Yams (5.0.6)

DEPENDENCIES:
  - GoogleSignIn (~> 7.0.0)
  - OTFCareKit/CareHealth (= 2.0.2-tf.2)
  - OTFCloudantStore/CloudantCareHealth (= 2.1.0)
  - OTFToolBox/CareHealth (= 2.5.0)

SPEC REPOS:
  https://github.com/TheraForge/OTFCocoapodSpecs:
    - OTFCareKit
    - OTFCareKitStore
    - OTFCareKitUI
    - OTFCDTDatastore
    - OTFCloudantStore
    - OTFCloudClientAPI
    - OTFDesignSystem
    - OTFResearchKit
    - OTFTemplateBox
    - OTFToolBox
    - OTFToolBoxCore
    - OTFUtilities
  trunk:
    - AppAuth
    - GoogleSignIn
    - GTMAppAuth
    - GTMSessionFetcher
    - KeychainAccess
    - Sodium
    - Yams

SPEC CHECKSUMS:
  AppAuth: d4f13a8fe0baf391b2108511793e4b479691fb73
  GoogleSignIn: b232380cf495a429b8095d3178a8d5855b42e842
  GTMAppAuth: 99fb010047ba3973b7026e45393f51f27ab965ae
  GTMSessionFetcher: 5aea5ba6bd522a239e236100971f10cb71b96ab6
  KeychainAccess: c0c4f7f38f6fc7bbe58f5702e25f7bd2f65abf51
  OTFCareKit: c2345d2128a180d17a3fa3b745e65fc3eac6719e
  OTFCareKitStore: 9e9644531eb916009a603bc42331bfee6f8901fa
  OTFCareKitUI: 7db823d8f1ccf523e9bbd3440758305466c3b0bc
  OTFCDTDatastore: 2dd82ef483654b30b559e63e1069ffbe66543d1e
  OTFCloudantStore: 4aca832e412f30979c3c6f44efb45889bfcf2a21
  OTFCloudClientAPI: 8a361b5682399101f6af2178f50cd209bf398eff
  OTFDesignSystem: 15acc9da8ffec84ebbac64f9f200acd418441cc1
  OTFResearchKit: 0ec0df29d5f77307fcf8ff7ed4386a73abdfbac1
  OTFTemplateBox: c2de26548dc8a84d598f25d7eb91c2f02eaf5d65
  OTFToolBox: 3da3e458376158384f4ab25869be4f61206c36f4
  OTFToolBoxCore: 20f8b0effdd22d1f9c4674a0971145f0533b2591
  OTFUtilities: f3e52ab6c6bea3c69d9a0a3ea2b8ce6b943612a0
  Sodium: 23d11554ecd556196d313cf6130d406dfe7ac6da
  Yams: e10dae147f517ed57ecae37c5e8681bdf8fcab65

PODFILE CHECKSUM: 566cfe06e3e333aca37749a0237d14d405dab497

COCOAPODS: 1.16.2
