PODS:
  - AppAuth (1.7.6):
    - AppAuth/Core (= 1.7.6)
    - AppAuth/ExternalUserAgent (= 1.7.6)
  - AppAuth/Core (1.7.6)
  - AppAuth/ExternalUserAgent (1.7.6):
    - AppAuth/Core
  - GoogleSignIn (7.0.0):
    - AppAuth (~> 1.5)
    - GTMAppAuth (< 3.0, >= 1.3)
    - GTMSessionFetcher/Core (< 4.0, >= 1.1)
  - GTMAppAuth (2.0.0):
    - AppAuth/Core (~> 1.6)
    - GTMSessionFetcher/Core (< 4.0, >= 1.5)
  - GTMSessionFetcher/Core (3.5.0)
  - KeychainAccess (4.2.2)
  - OTFCareKit/CareHealth (2.0.2-tf.2):
    - OTFCareKitStore/CareHealth (= 2.0.2-tf.2)
    - OTFCareKitUI (= 2.0.2-tf.2)
  - OTFCareKitStore/CareHealth (2.0.2-tf.2)
  - OTFCareKitUI (2.0.2-tf.2)
  - OTFCDTDatastore (2.1.1-tf.2):
    - OTFCDTDatastore/standard (= 2.1.1-tf.2)
  - OTFCDTDatastore/common-dependencies (2.1.1-tf.2):
    - OTFCDTDatastore/no-arc
    - OTFToolBoxCore (= 2.0.0)
  - OTFCDTDatastore/no-arc (2.1.1-tf.2)
  - OTFCDTDatastore/standard (2.1.1-tf.2):
    - OTFCDTDatastore/common-dependencies
  - OTFCloudantStore/CloudantCareHealth (2.0.0):
    - OTFCareKitStore/CareHealth (= 2.0.2-tf.2)
    - OTFCDTDatastore (= 2.1.1-tf.2)
    - OTFCloudClientAPI (= 2.0.0)
    - OTFUtilities (= 2.0.0)
  - OTFCloudClientAPI (2.0.0):
    - KeychainAccess
    - OTFCDTDatastore (= 2.1.1-tf.2)
    - OTFUtilities (= 2.0.0)
  - OTFDesignSystem (2.0.0)
  - OTFResearchKit (2.0.0-tf.2):
    - OTFResearchKit/Care (= 2.0.0-tf.2)
  - OTFResearchKit/Care (2.0.0-tf.2)
  - OTFTemplateBox (2.0.0):
    - OTFUtilities (= 2.0.0)
    - Yams
  - OTFToolBox/CareHealth (2.0.0):
    - OTFCareKit/CareHealth (= 2.0.2-tf.2)
    - OTFCloudantStore/CloudantCareHealth (= 2.0.0)
    - OTFCloudClientAPI (= 2.0.0)
    - OTFDesignSystem (= 2.0.0)
    - OTFResearchKit (= 2.0.0-tf.2)
    - OTFTemplateBox (= 2.0.0)
    - OTFToolBoxCore (= 2.0.0)
  - OTFToolBoxCore (2.0.0)
  - OTFUtilities (2.0.0):
    - Sodium (= 0.9.1)
  - Sodium (0.9.1)
  - Yams (5.0.6)

DEPENDENCIES:
  - GoogleSignIn (~> 7.0.0)
  - OTFCareKit/CareHealth (= 2.0.2-tf.2)
  - OTFCloudantStore/CloudantCareHealth (= 2.0.0)
  - OTFToolBox/CareHealth (= 2.0.0)

SPEC REPOS:
  https://github.com/HippocratesTech/OTFCocoapodSpecs:
    - OTFCareKit
    - OTFCareKitStore
    - OTFCareKitUI
    - OTFCDTDatastore
    - OTFCloudantStore
    - OTFCloudClientAPI
    - OTFDesignSystem
    - OTFResearchKit
    - OTFTemplateBox
    - OTFToolBox
    - OTFToolBoxCore
    - OTFUtilities
  trunk:
    - AppAuth
    - GoogleSignIn
    - GTMAppAuth
    - GTMSessionFetcher
    - KeychainAccess
    - Sodium
    - Yams

SPEC CHECKSUMS:
  AppAuth: d4f13a8fe0baf391b2108511793e4b479691fb73
  GoogleSignIn: b232380cf495a429b8095d3178a8d5855b42e842
  GTMAppAuth: 99fb010047ba3973b7026e45393f51f27ab965ae
  GTMSessionFetcher: 5aea5ba6bd522a239e236100971f10cb71b96ab6
  KeychainAccess: c0c4f7f38f6fc7bbe58f5702e25f7bd2f65abf51
  OTFCareKit: f1a8b2fe3067edad1f3b1656e9abbce55bd3d4e4
  OTFCareKitStore: e87a2a7c01af4d9a6d66ac4b8ac0919ed6df6532
  OTFCareKitUI: c3acd7674214c895590e5b2f7428d80cedc4e8c1
  OTFCDTDatastore: 571d4d2768eabf8aef484adf7f0db97b85892824
  OTFCloudantStore: 1507782a9fa0c24b376fe89b3e8ac9fac7f95f58
  OTFCloudClientAPI: 7a304c3d79e8715502d07e66a99254b9dcd9a4a6
  OTFDesignSystem: f75cf44f44138165cb7458820fbfb5088fdc9887
  OTFResearchKit: 0ec0df29d5f77307fcf8ff7ed4386a73abdfbac1
  OTFTemplateBox: c2de26548dc8a84d598f25d7eb91c2f02eaf5d65
  OTFToolBox: a7c7cce70fcc2fd7f002705cee6036a874518c12
  OTFToolBoxCore: df895fce579cd66318abe549f618b374a7ae1fa9
  OTFUtilities: 55c07fa5e26c9e375524198115ab734e7b485a02
  Sodium: 23d11554ecd556196d313cf6130d406dfe7ac6da
  Yams: e10dae147f517ed57ecae37c5e8681bdf8fcab65

PODFILE CHECKSUM: 288ff0cbbe3e9b6a3dc0f82d7a6ba1061d3bbe2a

COCOAPODS: 1.16.2
