PODS:
  - AppAuth (1.7.6):
    - AppAuth/Core (= 1.7.6)
    - AppAuth/ExternalUserAgent (= 1.7.6)
  - AppAuth/Core (1.7.6)
  - AppAuth/ExternalUserAgent (1.7.6):
    - AppAuth/Core
  - GoogleSignIn (7.0.0):
    - AppAuth (~> 1.5)
    - GTMAppAuth (< 3.0, >= 1.3)
    - GTMSessionFetcher/Core (< 4.0, >= 1.1)
  - GTMAppAuth (2.0.0):
    - AppAuth/Core (~> 1.6)
    - GTMSessionFetcher/Core (< 4.0, >= 1.5)
  - GTMSessionFetcher/Core (3.5.0)
  - KeychainAccess (4.2.2)
  - OTFCareKit/CareHealth (2.0.2-tf.2):
    - OTFCareKitStore/CareHealth (= 2.0.2-tf.2)
    - OTFCareKitUI (= 2.0.2-tf.2)
  - OTFCareKitStore/CareHealth (2.0.2-tf.2)
  - OTFCareKitUI (2.0.2-tf.2)
  - OTFCDTDatastore (2.1.1-tf.3):
    - OTFCDTDatastore/standard (= 2.1.1-tf.3)
  - OTFCDTDatastore/common-dependencies (2.1.1-tf.3):
    - OTFCDTDatastore/no-arc
    - OTFToolBoxCore (= 2.5.0)
  - OTFCDTDatastore/no-arc (2.1.1-tf.3)
  - OTFCDTDatastore/standard (2.1.1-tf.3):
    - OTFCDTDatastore/common-dependencies
  - OTFCloudantStore/CloudantCareHealth (2.1.0):
    - OTFCareKitStore/CareHealth (= 2.0.2-tf.2)
    - OTFCDTDatastore (= 2.1.1-tf.3)
    - OTFCloudClientAPI (= 2.1.0)
    - OTFUtilities (= 2.0.0)
  - OTFCloudClientAPI (2.1.0):
    - KeychainAccess
    - OTFCDTDatastore (= 2.1.1-tf.3)
    - OTFUtilities (= 2.0.0)
  - OTFDesignSystem (2.1.0)
  - OTFResearchKit (2.0.0-tf.2):
    - OTFResearchKit/Care (= 2.0.0-tf.2)
  - OTFResearchKit/Care (2.0.0-tf.2)
  - OTFTemplateBox (2.0.0):
    - OTFUtilities (= 2.0.0)
    - Yams
  - OTFToolBox/CareHealth (2.5.0):
    - OTFCareKit/CareHealth (= 2.0.2-tf.2)
    - OTFCloudantStore/CloudantCareHealth (= 2.1.0)
    - OTFCloudClientAPI (= 2.1.0)
    - OTFDesignSystem (= 2.1.0)
    - OTFResearchKit (= 2.0.0-tf.2)
    - OTFTemplateBox (= 2.0.0)
    - OTFToolBoxCore (= 2.5.0)
  - OTFToolBoxCore (2.5.0)
  - OTFUtilities (2.0.0):
    - Sodium (= 0.9.1)
  - Sodium (0.9.1)
  - Yams (5.0.6)

DEPENDENCIES:
  - GoogleSignIn (~> 7.0.0)
  - OTFCareKit/CareHealth (= 2.0.2-tf.2)
  - OTFCloudantStore/CloudantCareHealth (= 2.1.0)
  - OTFToolBox/CareHealth (= 2.5.0)

SPEC REPOS:
  https://github.com/TheraForge/OTFCocoapodSpecs:
    - OTFCareKit
    - OTFCareKitStore
    - OTFCareKitUI
    - OTFCDTDatastore
    - OTFCloudantStore
    - OTFCloudClientAPI
    - OTFDesignSystem
    - OTFResearchKit
    - OTFTemplateBox
    - OTFToolBox
    - OTFToolBoxCore
    - OTFUtilities
  trunk:
    - AppAuth
    - GoogleSignIn
    - GTMAppAuth
    - GTMSessionFetcher
    - KeychainAccess
    - Sodium
    - Yams

SPEC CHECKSUMS:
  AppAuth: d4f13a8fe0baf391b2108511793e4b479691fb73
  GoogleSignIn: b232380cf495a429b8095d3178a8d5855b42e842
  GTMAppAuth: 99fb010047ba3973b7026e45393f51f27ab965ae
  GTMSessionFetcher: 5aea5ba6bd522a239e236100971f10cb71b96ab6
  KeychainAccess: c0c4f7f38f6fc7bbe58f5702e25f7bd2f65abf51
  OTFCareKit: 835fe47abf7aad4dc2028472a5a1017d78ea6cec
  OTFCareKitStore: d16ac26e9749724d6f1173331a3bde408e7dacc9
  OTFCareKitUI: 95d58f8286c1a46c7ca9ff335b23ca9f46960d77
  OTFCDTDatastore: 4659b846b4a24731fca6fbc30d03cc21788d1a0e
  OTFCloudantStore: 20b5eddbae0d7d98e3c4967dcb04f9c672875638
  OTFCloudClientAPI: 61094048cccbadf944f49d52008de76fa7b667ac
  OTFDesignSystem: b73aefdb508cce1165665ddfbab1fd9b315510b1
  OTFResearchKit: 284e76275eae6a18d78142a0d9354124715ed98d
  OTFTemplateBox: 9b34661c5a04ffa63fb16a7fe759a6c8d80b4363
  OTFToolBox: 4e3263b4106c1696062c803a04fb8575a8ccf9a3
  OTFToolBoxCore: 786a5822735a24771506f1774bddd0a5cec77373
  OTFUtilities: d9a6b8b7c3f0a56e726ca51f2047824486d8719d
  Sodium: 23d11554ecd556196d313cf6130d406dfe7ac6da
  Yams: e10dae147f517ed57ecae37c5e8681bdf8fcab65

PODFILE CHECKSUM: 77fb14c514a34415069d6dfcaf2200a14cbe108b

COCOAPODS: 1.16.2
