// !$*UTF8*$!
{
	archiveVersion = 1;
	classes = {
	};
	objectVersion = 51;
	objects = {

/* Begin PBXBuildFile section */
		2DB5CC6B341FE1E0B1482F06 /* Pods_CompletelyNewApp.framework in Frameworks */ = {isa = PBXBuildFile; fileRef = A338A5535EFE3D2405C5E0A4 /* Pods_CompletelyNewApp.framework */; };
		5A41CD212665CD1E007CCEB4 /* HealthRecordStep.swift in Sources */ = {isa = PBXBuildFile; fileRef = 5A41CD202665CD1E007CCEB4 /* HealthRecordStep.swift */; };
		5A41D023266A9106007CCEB4 /* MainView.swift in Sources */ = {isa = PBXBuildFile; fileRef = 5A41D022266A9106007CCEB4 /* MainView.swift */; };
		5A41D034266A91CB007CCEB4 /* TasksUIView.swift in Sources */ = {isa = PBXBuildFile; fileRef = 5A41D033266A91CB007CCEB4 /* TasksUIView.swift */; };
		5A41D037266A955C007CCEB4 /* TaskItem.swift in Sources */ = {isa = PBXBuildFile; fileRef = 5A41D036266A955C007CCEB4 /* TaskItem.swift */; };
		5A41D03A266A9D08007CCEB4 /* TaskViewController.swift in Sources */ = {isa = PBXBuildFile; fileRef = 5A41D039266A9D08007CCEB4 /* TaskViewController.swift */; };
		5A41D03D266AA305007CCEB4 /* TaskSamples.swift in Sources */ = {isa = PBXBuildFile; fileRef = 5A41D03C266AA305007CCEB4 /* TaskSamples.swift */; };
		5A41D040266AA517007CCEB4 /* TaskItemView.swift in Sources */ = {isa = PBXBuildFile; fileRef = 5A41D03F266AA517007CCEB4 /* TaskItemView.swift */; };
		5A41E8A8267A5FCC007CCEB4 /* HealthDataStep.swift in Sources */ = {isa = PBXBuildFile; fileRef = 5A41E8A7267A5FCC007CCEB4 /* HealthDataStep.swift */; };
		5AADFD3A264E86950069FEF7 /* OnboardingItemView.swift in Sources */ = {isa = PBXBuildFile; fileRef = 5AADFD37264E86950069FEF7 /* OnboardingItemView.swift */; };
		5AADFD3B264E86950069FEF7 /* OnboardingView.swift in Sources */ = {isa = PBXBuildFile; fileRef = 5AADFD38264E86950069FEF7 /* OnboardingView.swift */; };
		5AADFD40264E86A20069FEF7 /* Extensions+UIColor.swift in Sources */ = {isa = PBXBuildFile; fileRef = 5AADFD3E264E86A20069FEF7 /* Extensions+UIColor.swift */; };
		5AADFD47264E89510069FEF7 /* ConsentDocument.swift in Sources */ = {isa = PBXBuildFile; fileRef = 5AADFD46264E89510069FEF7 /* ConsentDocument.swift */; };
		5AADFD4A264E92690069FEF7 /* ActivitiesViewController.swift in Sources */ = {isa = PBXBuildFile; fileRef = 5AADFD49264E92690069FEF7 /* ActivitiesViewController.swift */; };
		5AADFD4D264E98950069FEF7 /* OnboardingViewCoordinator.swift in Sources */ = {isa = PBXBuildFile; fileRef = 5AADFD4C264E98950069FEF7 /* OnboardingViewCoordinator.swift */; };
		5AADFD50264E9A880069FEF7 /* Constants.swift in Sources */ = {isa = PBXBuildFile; fileRef = 5AADFD4F264E9A880069FEF7 /* Constants.swift */; };
		5AADFD53264F8D400069FEF7 /* LoginViewController.swift in Sources */ = {isa = PBXBuildFile; fileRef = 5AADFD52264F8D400069FEF7 /* LoginViewController.swift */; };
		5AADFD77264FE8EE0069FEF7 /* LaunchView.swift in Sources */ = {isa = PBXBuildFile; fileRef = 5AADFD76264FE8EE0069FEF7 /* LaunchView.swift */; };
		CE2DB9C7263B1EC400E2FB88 /* AppSysParameters.yml in Resources */ = {isa = PBXBuildFile; fileRef = CE2DB9C6263B1EC400E2FB88 /* AppSysParameters.yml */; };
		CE482CF7262C954A00C0A2D5 /* AppDelegate.swift in Sources */ = {isa = PBXBuildFile; fileRef = CE482CF6262C954A00C0A2D5 /* AppDelegate.swift */; };
		CE482CF9262C954A00C0A2D5 /* SceneDelegate.swift in Sources */ = {isa = PBXBuildFile; fileRef = CE482CF8262C954A00C0A2D5 /* SceneDelegate.swift */; };
		CE482CFB262C954A00C0A2D5 /* ContentView.swift in Sources */ = {isa = PBXBuildFile; fileRef = CE482CFA262C954A00C0A2D5 /* ContentView.swift */; };
		CE482CFD262C954C00C0A2D5 /* Assets.xcassets in Resources */ = {isa = PBXBuildFile; fileRef = CE482CFC262C954C00C0A2D5 /* Assets.xcassets */; };
		CE482D00262C954C00C0A2D5 /* Preview Assets.xcassets in Resources */ = {isa = PBXBuildFile; fileRef = CE482CFF262C954C00C0A2D5 /* Preview Assets.xcassets */; };
		CE482D03262C954C00C0A2D5 /* LaunchScreen.storyboard in Resources */ = {isa = PBXBuildFile; fileRef = CE482D01262C954C00C0A2D5 /* LaunchScreen.storyboard */; };
/* End PBXBuildFile section */

/* Begin PBXFileReference section */
		45190879CA862B54AF49913F /* Pods-CompletelyNewApp.debug.xcconfig */ = {isa = PBXFileReference; includeInIndex = 1; lastKnownFileType = text.xcconfig; name = "Pods-CompletelyNewApp.debug.xcconfig"; path = "Target Support Files/Pods-CompletelyNewApp/Pods-CompletelyNewApp.debug.xcconfig"; sourceTree = "<group>"; };
		5A41CD202665CD1E007CCEB4 /* HealthRecordStep.swift */ = {isa = PBXFileReference; lastKnownFileType = sourcecode.swift; path = HealthRecordStep.swift; sourceTree = "<group>"; };
		5A41D022266A9106007CCEB4 /* MainView.swift */ = {isa = PBXFileReference; lastKnownFileType = sourcecode.swift; path = MainView.swift; sourceTree = "<group>"; };
		5A41D033266A91CB007CCEB4 /* TasksUIView.swift */ = {isa = PBXFileReference; lastKnownFileType = sourcecode.swift; path = TasksUIView.swift; sourceTree = "<group>"; };
		5A41D036266A955C007CCEB4 /* TaskItem.swift */ = {isa = PBXFileReference; lastKnownFileType = sourcecode.swift; path = TaskItem.swift; sourceTree = "<group>"; };
		5A41D039266A9D08007CCEB4 /* TaskViewController.swift */ = {isa = PBXFileReference; lastKnownFileType = sourcecode.swift; path = TaskViewController.swift; sourceTree = "<group>"; };
		5A41D03C266AA305007CCEB4 /* TaskSamples.swift */ = {isa = PBXFileReference; lastKnownFileType = sourcecode.swift; path = TaskSamples.swift; sourceTree = "<group>"; };
		5A41D03F266AA517007CCEB4 /* TaskItemView.swift */ = {isa = PBXFileReference; lastKnownFileType = sourcecode.swift; path = TaskItemView.swift; sourceTree = "<group>"; };
		5A41E8A7267A5FCC007CCEB4 /* HealthDataStep.swift */ = {isa = PBXFileReference; lastKnownFileType = sourcecode.swift; path = HealthDataStep.swift; sourceTree = "<group>"; };
		5AADFD37264E86950069FEF7 /* OnboardingItemView.swift */ = {isa = PBXFileReference; fileEncoding = 4; lastKnownFileType = sourcecode.swift; path = OnboardingItemView.swift; sourceTree = "<group>"; };
		5AADFD38264E86950069FEF7 /* OnboardingView.swift */ = {isa = PBXFileReference; fileEncoding = 4; lastKnownFileType = sourcecode.swift; path = OnboardingView.swift; sourceTree = "<group>"; };
		5AADFD3E264E86A20069FEF7 /* Extensions+UIColor.swift */ = {isa = PBXFileReference; fileEncoding = 4; lastKnownFileType = sourcecode.swift; path = "Extensions+UIColor.swift"; sourceTree = "<group>"; };
		5AADFD46264E89510069FEF7 /* ConsentDocument.swift */ = {isa = PBXFileReference; lastKnownFileType = sourcecode.swift; path = ConsentDocument.swift; sourceTree = "<group>"; };
		5AADFD49264E92690069FEF7 /* ActivitiesViewController.swift */ = {isa = PBXFileReference; lastKnownFileType = sourcecode.swift; path = ActivitiesViewController.swift; sourceTree = "<group>"; };
		5AADFD4C264E98950069FEF7 /* OnboardingViewCoordinator.swift */ = {isa = PBXFileReference; lastKnownFileType = sourcecode.swift; path = OnboardingViewCoordinator.swift; sourceTree = "<group>"; };
		5AADFD4F264E9A880069FEF7 /* Constants.swift */ = {isa = PBXFileReference; lastKnownFileType = sourcecode.swift; path = Constants.swift; sourceTree = "<group>"; };
		5AADFD52264F8D400069FEF7 /* LoginViewController.swift */ = {isa = PBXFileReference; lastKnownFileType = sourcecode.swift; path = LoginViewController.swift; sourceTree = "<group>"; };
		5AADFD76264FE8EE0069FEF7 /* LaunchView.swift */ = {isa = PBXFileReference; lastKnownFileType = sourcecode.swift; path = LaunchView.swift; sourceTree = "<group>"; };
		A338A5535EFE3D2405C5E0A4 /* Pods_CompletelyNewApp.framework */ = {isa = PBXFileReference; explicitFileType = wrapper.framework; includeInIndex = 0; path = Pods_CompletelyNewApp.framework; sourceTree = BUILT_PRODUCTS_DIR; };
		CE2DB9C6263B1EC400E2FB88 /* AppSysParameters.yml */ = {isa = PBXFileReference; lastKnownFileType = text.yaml; path = AppSysParameters.yml; sourceTree = "<group>"; };
		CE482CF3262C954A00C0A2D5 /* SampleApp.app */ = {isa = PBXFileReference; explicitFileType = wrapper.application; includeInIndex = 0; path = SampleApp.app; sourceTree = BUILT_PRODUCTS_DIR; };
		CE482CF6262C954A00C0A2D5 /* AppDelegate.swift */ = {isa = PBXFileReference; lastKnownFileType = sourcecode.swift; path = AppDelegate.swift; sourceTree = "<group>"; };
		CE482CF8262C954A00C0A2D5 /* SceneDelegate.swift */ = {isa = PBXFileReference; lastKnownFileType = sourcecode.swift; path = SceneDelegate.swift; sourceTree = "<group>"; };
		CE482CFA262C954A00C0A2D5 /* ContentView.swift */ = {isa = PBXFileReference; lastKnownFileType = sourcecode.swift; path = ContentView.swift; sourceTree = "<group>"; };
		CE482CFC262C954C00C0A2D5 /* Assets.xcassets */ = {isa = PBXFileReference; lastKnownFileType = folder.assetcatalog; path = Assets.xcassets; sourceTree = "<group>"; };
		CE482CFF262C954C00C0A2D5 /* Preview Assets.xcassets */ = {isa = PBXFileReference; lastKnownFileType = folder.assetcatalog; path = "Preview Assets.xcassets"; sourceTree = "<group>"; };
		CE482D02262C954C00C0A2D5 /* Base */ = {isa = PBXFileReference; lastKnownFileType = file.storyboard; name = Base; path = Base.lproj/LaunchScreen.storyboard; sourceTree = "<group>"; };
		CE482D04262C954C00C0A2D5 /* Info.plist */ = {isa = PBXFileReference; lastKnownFileType = text.plist.xml; path = Info.plist; sourceTree = "<group>"; };
		E0FC2B01104812DBA412E7EA /* Pods-CompletelyNewApp.release.xcconfig */ = {isa = PBXFileReference; includeInIndex = 1; lastKnownFileType = text.xcconfig; name = "Pods-CompletelyNewApp.release.xcconfig"; path = "Target Support Files/Pods-CompletelyNewApp/Pods-CompletelyNewApp.release.xcconfig"; sourceTree = "<group>"; };
/* End PBXFileReference section */

/* Begin PBXFrameworksBuildPhase section */
		CE482CF0262C954A00C0A2D5 /* Frameworks */ = {
			isa = PBXFrameworksBuildPhase;
			buildActionMask = 2147483647;
			files = (
				2DB5CC6B341FE1E0B1482F06 /* Pods_CompletelyNewApp.framework in Frameworks */,
			);
			runOnlyForDeploymentPostprocessing = 0;
		};
/* End PBXFrameworksBuildPhase section */

/* Begin PBXGroup section */
		097679CA512DF1E71B1E9C97 /* Frameworks */ = {
			isa = PBXGroup;
			children = (
				A338A5535EFE3D2405C5E0A4 /* Pods_CompletelyNewApp.framework */,
			);
			name = Frameworks;
			sourceTree = "<group>";
		};
		5A41CD0D2664D729007CCEB4 /* HealthData */ = {
			isa = PBXGroup;
			children = (
				5A41CD202665CD1E007CCEB4 /* HealthRecordStep.swift */,
				5A41E8A7267A5FCC007CCEB4 /* HealthDataStep.swift */,
			);
			path = HealthData;
			sourceTree = "<group>";
		};
		5A41D032266A91B0007CCEB4 /* Tasks */ = {
			isa = PBXGroup;
			children = (
				5A41D033266A91CB007CCEB4 /* TasksUIView.swift */,
				5A41D036266A955C007CCEB4 /* TaskItem.swift */,
				5A41D039266A9D08007CCEB4 /* TaskViewController.swift */,
				5A41D03C266AA305007CCEB4 /* TaskSamples.swift */,
				5A41D03F266AA517007CCEB4 /* TaskItemView.swift */,
			);
			path = Tasks;
			sourceTree = "<group>";
		};
		5A41D164266CBA41007CCEB4 /* Views */ = {
			isa = PBXGroup;
			children = (
				5AADFD49264E92690069FEF7 /* ActivitiesViewController.swift */,
				5AADFD76264FE8EE0069FEF7 /* LaunchView.swift */,
				5A41D022266A9106007CCEB4 /* MainView.swift */,
			);
			path = Views;
			sourceTree = "<group>";
		};
		5AADFD35264E86950069FEF7 /* Onboarding */ = {
			isa = PBXGroup;
			children = (
				5AADFD37264E86950069FEF7 /* OnboardingItemView.swift */,
				5AADFD38264E86950069FEF7 /* OnboardingView.swift */,
				5AADFD4C264E98950069FEF7 /* OnboardingViewCoordinator.swift */,
			);
			path = Onboarding;
			sourceTree = "<group>";
		};
		5AADFD3D264E86A20069FEF7 /* Library */ = {
			isa = PBXGroup;
			children = (
				5AADFD3E264E86A20069FEF7 /* Extensions+UIColor.swift */,
				5AADFD4F264E9A880069FEF7 /* Constants.swift */,
			);
			path = Library;
			sourceTree = "<group>";
		};
		5AADFD43264E86B00069FEF7 /* Login */ = {
			isa = PBXGroup;
			children = (
				5AADFD52264F8D400069FEF7 /* LoginViewController.swift */,
			);
			path = Login;
			sourceTree = "<group>";
		};
		5AADFD44264E86C40069FEF7 /* Consent */ = {
			isa = PBXGroup;
			children = (
				5AADFD46264E89510069FEF7 /* ConsentDocument.swift */,
			);
			path = Consent;
			sourceTree = "<group>";
		};
		8C979D2203D122CC68BA93F2 /* Pods */ = {
			isa = PBXGroup;
			children = (
				45190879CA862B54AF49913F /* Pods-CompletelyNewApp.debug.xcconfig */,
				E0FC2B01104812DBA412E7EA /* Pods-CompletelyNewApp.release.xcconfig */,
			);
			path = Pods;
			sourceTree = "<group>";
		};
		CE482CEA262C954A00C0A2D5 = {
			isa = PBXGroup;
			children = (
				CE482CF5262C954A00C0A2D5 /* SampleApp */,
				CE482CF4262C954A00C0A2D5 /* Products */,
				8C979D2203D122CC68BA93F2 /* Pods */,
				097679CA512DF1E71B1E9C97 /* Frameworks */,
			);
			sourceTree = "<group>";
		};
		CE482CF4262C954A00C0A2D5 /* Products */ = {
			isa = PBXGroup;
			children = (
				CE482CF3262C954A00C0A2D5 /* SampleApp.app */,
			);
			name = Products;
			sourceTree = "<group>";
		};
		CE482CF5262C954A00C0A2D5 /* SampleApp */ = {
			isa = PBXGroup;
			children = (
				5A41D164266CBA41007CCEB4 /* Views */,
				5A41D032266A91B0007CCEB4 /* Tasks */,
				5A41CD0D2664D729007CCEB4 /* HealthData */,
				5AADFD44264E86C40069FEF7 /* Consent */,
				5AADFD43264E86B00069FEF7 /* Login */,
				5AADFD3D264E86A20069FEF7 /* Library */,
				5AADFD35264E86950069FEF7 /* Onboarding */,
				CE482CF8262C954A00C0A2D5 /* SceneDelegate.swift */,
				CE482CF6262C954A00C0A2D5 /* AppDelegate.swift */,
				CE2DB9C6263B1EC400E2FB88 /* AppSysParameters.yml */,
				CE482CFA262C954A00C0A2D5 /* ContentView.swift */,
				CE482CFC262C954C00C0A2D5 /* Assets.xcassets */,
				CE482D01262C954C00C0A2D5 /* LaunchScreen.storyboard */,
				CE482D04262C954C00C0A2D5 /* Info.plist */,
				CE482CFE262C954C00C0A2D5 /* Preview Content */,
			);
			path = SampleApp;
			sourceTree = "<group>";
		};
		CE482CFE262C954C00C0A2D5 /* Preview Content */ = {
			isa = PBXGroup;
			children = (
				CE482CFF262C954C00C0A2D5 /* Preview Assets.xcassets */,
			);
			path = "Preview Content";
			sourceTree = "<group>";
		};
/* End PBXGroup section */

/* Begin PBXNativeTarget section */
		CE482CF2262C954A00C0A2D5 /* SampleApp */ = {
			isa = PBXNativeTarget;
			buildConfigurationList = CE482D07262C954C00C0A2D5 /* Build configuration list for PBXNativeTarget "SampleApp" */;
			buildPhases = (
				E5F744EF5ABE62DAC4138A08 /* [CP] Check Pods Manifest.lock */,
				CE482CEF262C954A00C0A2D5 /* Sources */,
				CE482CF0262C954A00C0A2D5 /* Frameworks */,
				CE482CF1262C954A00C0A2D5 /* Resources */,
				DE8B1677E2E94B19B28C2DF9 /* [CP] Embed Pods Frameworks */,
			);
			buildRules = (
			);
			dependencies = (
			);
			name = SampleApp;
			productName = CompletelyNewApp;
			productReference = CE482CF3262C954A00C0A2D5 /* SampleApp.app */;
			productType = "com.apple.product-type.application";
		};
/* End PBXNativeTarget section */

/* Begin PBXProject section */
		CE482CEB262C954A00C0A2D5 /* Project object */ = {
			isa = PBXProject;
			attributes = {
				LastSwiftUpdateCheck = 1240;
				LastUpgradeCheck = 1240;
				TargetAttributes = {
					CE482CF2262C954A00C0A2D5 = {
						CreatedOnToolsVersion = 12.4;
					};
				};
			};
			buildConfigurationList = CE482CEE262C954A00C0A2D5 /* Build configuration list for PBXProject "SampleApp" */;
			compatibilityVersion = "Xcode 9.3";
			developmentRegion = en;
			hasScannedForEncodings = 0;
			knownRegions = (
				en,
				Base,
			);
			mainGroup = CE482CEA262C954A00C0A2D5;
			productRefGroup = CE482CF4262C954A00C0A2D5 /* Products */;
			projectDirPath = "";
			projectRoot = "";
			targets = (
				CE482CF2262C954A00C0A2D5 /* SampleApp */,
			);
		};
/* End PBXProject section */

/* Begin PBXResourcesBuildPhase section */
		CE482CF1262C954A00C0A2D5 /* Resources */ = {
			isa = PBXResourcesBuildPhase;
			buildActionMask = 2147483647;
			files = (
				CE2DB9C7263B1EC400E2FB88 /* AppSysParameters.yml in Resources */,
				CE482D03262C954C00C0A2D5 /* LaunchScreen.storyboard in Resources */,
				CE482D00262C954C00C0A2D5 /* Preview Assets.xcassets in Resources */,
				CE482CFD262C954C00C0A2D5 /* Assets.xcassets in Resources */,
			);
			runOnlyForDeploymentPostprocessing = 0;
		};
/* End PBXResourcesBuildPhase section */

/* Begin PBXShellScriptBuildPhase section */
		DE8B1677E2E94B19B28C2DF9 /* [CP] Embed Pods Frameworks */ = {
			isa = PBXShellScriptBuildPhase;
			buildActionMask = 2147483647;
			files = (
			);
			inputFileListPaths = (
				"${PODS_ROOT}/Target Support Files/Pods-CompletelyNewApp/Pods-CompletelyNewApp-frameworks-${CONFIGURATION}-input-files.xcfilelist",
			);
			name = "[CP] Embed Pods Frameworks";
			outputFileListPaths = (
				"${PODS_ROOT}/Target Support Files/Pods-CompletelyNewApp/Pods-CompletelyNewApp-frameworks-${CONFIGURATION}-output-files.xcfilelist",
			);
			runOnlyForDeploymentPostprocessing = 0;
			shellPath = /bin/sh;
			shellScript = "\"${PODS_ROOT}/Target Support Files/Pods-CompletelyNewApp/Pods-CompletelyNewApp-frameworks.sh\"\n";
			showEnvVarsInLog = 0;
		};
		E5F744EF5ABE62DAC4138A08 /* [CP] Check Pods Manifest.lock */ = {
			isa = PBXShellScriptBuildPhase;
			buildActionMask = 2147483647;
			files = (
			);
			inputFileListPaths = (
			);
			inputPaths = (
				"${PODS_PODFILE_DIR_PATH}/Podfile.lock",
				"${PODS_ROOT}/Manifest.lock",
			);
			name = "[CP] Check Pods Manifest.lock";
			outputFileListPaths = (
			);
			outputPaths = (
				"$(DERIVED_FILE_DIR)/Pods-CompletelyNewApp-checkManifestLockResult.txt",
			);
			runOnlyForDeploymentPostprocessing = 0;
			shellPath = /bin/sh;
			shellScript = "diff \"${PODS_PODFILE_DIR_PATH}/Podfile.lock\" \"${PODS_ROOT}/Manifest.lock\" > /dev/null\nif [ $? != 0 ] ; then\n    # print error to STDERR\n    echo \"error: The sandbox is not in sync with the Podfile.lock. Run 'pod install' or update your CocoaPods installation.\" >&2\n    exit 1\nfi\n# This output is used by Xcode 'outputs' to avoid re-running this script phase.\necho \"SUCCESS\" > \"${SCRIPT_OUTPUT_FILE_0}\"\n";
			showEnvVarsInLog = 0;
		};
/* End PBXShellScriptBuildPhase section */

/* Begin PBXSourcesBuildPhase section */
		CE482CEF262C954A00C0A2D5 /* Sources */ = {
			isa = PBXSourcesBuildPhase;
			buildActionMask = 2147483647;
			files = (
				CE482CF7262C954A00C0A2D5 /* AppDelegate.swift in Sources */,
				5A41D034266A91CB007CCEB4 /* TasksUIView.swift in Sources */,
				5AADFD47264E89510069FEF7 /* ConsentDocument.swift in Sources */,
				5AADFD4D264E98950069FEF7 /* OnboardingViewCoordinator.swift in Sources */,
				5AADFD77264FE8EE0069FEF7 /* LaunchView.swift in Sources */,
				5AADFD40264E86A20069FEF7 /* Extensions+UIColor.swift in Sources */,
				5A41E8A8267A5FCC007CCEB4 /* HealthDataStep.swift in Sources */,
				5A41CD212665CD1E007CCEB4 /* HealthRecordStep.swift in Sources */,
				5A41D037266A955C007CCEB4 /* TaskItem.swift in Sources */,
				CE482CF9262C954A00C0A2D5 /* SceneDelegate.swift in Sources */,
				5A41D03D266AA305007CCEB4 /* TaskSamples.swift in Sources */,
				5AADFD3A264E86950069FEF7 /* OnboardingItemView.swift in Sources */,
				5AADFD3B264E86950069FEF7 /* OnboardingView.swift in Sources */,
				5A41D03A266A9D08007CCEB4 /* TaskViewController.swift in Sources */,
				5A41D040266AA517007CCEB4 /* TaskItemView.swift in Sources */,
				5AADFD53264F8D400069FEF7 /* LoginViewController.swift in Sources */,
				CE482CFB262C954A00C0A2D5 /* ContentView.swift in Sources */,
				5AADFD4A264E92690069FEF7 /* ActivitiesViewController.swift in Sources */,
				5AADFD50264E9A880069FEF7 /* Constants.swift in Sources */,
				5A41D023266A9106007CCEB4 /* MainView.swift in Sources */,
			);
			runOnlyForDeploymentPostprocessing = 0;
		};
/* End PBXSourcesBuildPhase section */

/* Begin PBXVariantGroup section */
		CE482D01262C954C00C0A2D5 /* LaunchScreen.storyboard */ = {
			isa = PBXVariantGroup;
			children = (
				CE482D02262C954C00C0A2D5 /* Base */,
			);
			name = LaunchScreen.storyboard;
			sourceTree = "<group>";
		};
/* End PBXVariantGroup section */

/* Begin XCBuildConfiguration section */
		CE482D05262C954C00C0A2D5 /* Debug */ = {
			isa = XCBuildConfiguration;
			buildSettings = {
				ALWAYS_SEARCH_USER_PATHS = NO;
				CLANG_ANALYZER_NONNULL = YES;
				CLANG_ANALYZER_NUMBER_OBJECT_CONVERSION = YES_AGGRESSIVE;
				CLANG_CXX_LANGUAGE_STANDARD = "gnu++14";
				CLANG_CXX_LIBRARY = "libc++";
				CLANG_ENABLE_MODULES = YES;
				CLANG_ENABLE_OBJC_ARC = YES;
				CLANG_ENABLE_OBJC_WEAK = YES;
				CLANG_WARN_BLOCK_CAPTURE_AUTORELEASING = YES;
				CLANG_WARN_BOOL_CONVERSION = YES;
				CLANG_WARN_COMMA = YES;
				CLANG_WARN_CONSTANT_CONVERSION = YES;
				CLANG_WARN_DEPRECATED_OBJC_IMPLEMENTATIONS = YES;
				CLANG_WARN_DIRECT_OBJC_ISA_USAGE = YES_ERROR;
				CLANG_WARN_DOCUMENTATION_COMMENTS = YES;
				CLANG_WARN_EMPTY_BODY = YES;
				CLANG_WARN_ENUM_CONVERSION = YES;
				CLANG_WARN_INFINITE_RECURSION = YES;
				CLANG_WARN_INT_CONVERSION = YES;
				CLANG_WARN_NON_LITERAL_NULL_CONVERSION = YES;
				CLANG_WARN_OBJC_IMPLICIT_RETAIN_SELF = YES;
				CLANG_WARN_OBJC_LITERAL_CONVERSION = YES;
				CLANG_WARN_OBJC_ROOT_CLASS = YES_ERROR;
				CLANG_WARN_QUOTED_INCLUDE_IN_FRAMEWORK_HEADER = YES;
				CLANG_WARN_RANGE_LOOP_ANALYSIS = YES;
				CLANG_WARN_STRICT_PROTOTYPES = YES;
				CLANG_WARN_SUSPICIOUS_MOVE = YES;
				CLANG_WARN_UNGUARDED_AVAILABILITY = YES_AGGRESSIVE;
				CLANG_WARN_UNREACHABLE_CODE = YES;
				CLANG_WARN__DUPLICATE_METHOD_MATCH = YES;
				COPY_PHASE_STRIP = NO;
				DEBUG_INFORMATION_FORMAT = dwarf;
				ENABLE_STRICT_OBJC_MSGSEND = YES;
				ENABLE_TESTABILITY = YES;
				GCC_C_LANGUAGE_STANDARD = gnu11;
				GCC_DYNAMIC_NO_PIC = NO;
				GCC_NO_COMMON_BLOCKS = YES;
				GCC_OPTIMIZATION_LEVEL = 0;
				GCC_PREPROCESSOR_DEFINITIONS = (
					"DEBUG=1",
					"$(inherited)",
				);
				GCC_WARN_64_TO_32_BIT_CONVERSION = YES;
				GCC_WARN_ABOUT_RETURN_TYPE = YES_ERROR;
				GCC_WARN_UNDECLARED_SELECTOR = YES;
				GCC_WARN_UNINITIALIZED_AUTOS = YES_AGGRESSIVE;
				GCC_WARN_UNUSED_FUNCTION = YES;
				GCC_WARN_UNUSED_VARIABLE = YES;
				IPHONEOS_DEPLOYMENT_TARGET = 14.4;
				MTL_ENABLE_DEBUG_INFO = INCLUDE_SOURCE;
				MTL_FAST_MATH = YES;
				ONLY_ACTIVE_ARCH = YES;
				SDKROOT = iphoneos;
				SWIFT_ACTIVE_COMPILATION_CONDITIONS = DEBUG;
				SWIFT_OPTIMIZATION_LEVEL = "-Onone";
			};
			name = Debug;
		};
		CE482D06262C954C00C0A2D5 /* Release */ = {
			isa = XCBuildConfiguration;
			buildSettings = {
				ALWAYS_SEARCH_USER_PATHS = NO;
				CLANG_ANALYZER_NONNULL = YES;
				CLANG_ANALYZER_NUMBER_OBJECT_CONVERSION = YES_AGGRESSIVE;
				CLANG_CXX_LANGUAGE_STANDARD = "gnu++14";
				CLANG_CXX_LIBRARY = "libc++";
				CLANG_ENABLE_MODULES = YES;
				CLANG_ENABLE_OBJC_ARC = YES;
				CLANG_ENABLE_OBJC_WEAK = YES;
				CLANG_WARN_BLOCK_CAPTURE_AUTORELEASING = YES;
				CLANG_WARN_BOOL_CONVERSION = YES;
				CLANG_WARN_COMMA = YES;
				CLANG_WARN_CONSTANT_CONVERSION = YES;
				CLANG_WARN_DEPRECATED_OBJC_IMPLEMENTATIONS = YES;
				CLANG_WARN_DIRECT_OBJC_ISA_USAGE = YES_ERROR;
				CLANG_WARN_DOCUMENTATION_COMMENTS = YES;
				CLANG_WARN_EMPTY_BODY = YES;
				CLANG_WARN_ENUM_CONVERSION = YES;
				CLANG_WARN_INFINITE_RECURSION = YES;
				CLANG_WARN_INT_CONVERSION = YES;
				CLANG_WARN_NON_LITERAL_NULL_CONVERSION = YES;
				CLANG_WARN_OBJC_IMPLICIT_RETAIN_SELF = YES;
				CLANG_WARN_OBJC_LITERAL_CONVERSION = YES;
				CLANG_WARN_OBJC_ROOT_CLASS = YES_ERROR;
				CLANG_WARN_QUOTED_INCLUDE_IN_FRAMEWORK_HEADER = YES;
				CLANG_WARN_RANGE_LOOP_ANALYSIS = YES;
				CLANG_WARN_STRICT_PROTOTYPES = YES;
				CLANG_WARN_SUSPICIOUS_MOVE = YES;
				CLANG_WARN_UNGUARDED_AVAILABILITY = YES_AGGRESSIVE;
				CLANG_WARN_UNREACHABLE_CODE = YES;
				CLANG_WARN__DUPLICATE_METHOD_MATCH = YES;
				COPY_PHASE_STRIP = NO;
				DEBUG_INFORMATION_FORMAT = "dwarf-with-dsym";
				ENABLE_NS_ASSERTIONS = NO;
				ENABLE_STRICT_OBJC_MSGSEND = YES;
				GCC_C_LANGUAGE_STANDARD = gnu11;
				GCC_NO_COMMON_BLOCKS = YES;
				GCC_WARN_64_TO_32_BIT_CONVERSION = YES;
				GCC_WARN_ABOUT_RETURN_TYPE = YES_ERROR;
				GCC_WARN_UNDECLARED_SELECTOR = YES;
				GCC_WARN_UNINITIALIZED_AUTOS = YES_AGGRESSIVE;
				GCC_WARN_UNUSED_FUNCTION = YES;
				GCC_WARN_UNUSED_VARIABLE = YES;
				IPHONEOS_DEPLOYMENT_TARGET = 14.4;
				MTL_ENABLE_DEBUG_INFO = NO;
				MTL_FAST_MATH = YES;
				SDKROOT = iphoneos;
				SWIFT_COMPILATION_MODE = wholemodule;
				SWIFT_OPTIMIZATION_LEVEL = "-O";
				VALIDATE_PRODUCT = YES;
			};
			name = Release;
		};
		CE482D08262C954C00C0A2D5 /* Debug */ = {
			isa = XCBuildConfiguration;
			baseConfigurationReference = 45190879CA862B54AF49913F /* Pods-CompletelyNewApp.debug.xcconfig */;
			buildSettings = {
				ASSETCATALOG_COMPILER_APPICON_NAME = AppIcon;
				ASSETCATALOG_COMPILER_GLOBAL_ACCENT_COLOR_NAME = AccentColor;
				CODE_SIGN_STYLE = Automatic;
				DEVELOPMENT_ASSET_PATHS = "\"SampleApp/Preview Content\"";
				ENABLE_PREVIEWS = YES;
				INFOPLIST_FILE = SampleApp/Info.plist;
				LD_RUNPATH_SEARCH_PATHS = (
					"$(inherited)",
					"@executable_path/Frameworks",
				);
				PRODUCT_BUNDLE_IDENTIFIER = com.curlybracers.SampleApp;
				PRODUCT_NAME = "$(TARGET_NAME)";
				SWIFT_VERSION = 5.0;
				TARGETED_DEVICE_FAMILY = "1,2";
			};
			name = Debug;
		};
		CE482D09262C954C00C0A2D5 /* Release */ = {
			isa = XCBuildConfiguration;
			baseConfigurationReference = E0FC2B01104812DBA412E7EA /* Pods-CompletelyNewApp.release.xcconfig */;
			buildSettings = {
				ASSETCATALOG_COMPILER_APPICON_NAME = AppIcon;
				ASSETCATALOG_COMPILER_GLOBAL_ACCENT_COLOR_NAME = AccentColor;
				CODE_SIGN_STYLE = Automatic;
				DEVELOPMENT_ASSET_PATHS = "\"SampleApp/Preview Content\"";
				ENABLE_PREVIEWS = YES;
				INFOPLIST_FILE = SampleApp/Info.plist;
				LD_RUNPATH_SEARCH_PATHS = (
					"$(inherited)",
					"@executable_path/Frameworks",
				);
				PRODUCT_BUNDLE_IDENTIFIER = com.curlybracers.SampleApp;
				PRODUCT_NAME = "$(TARGET_NAME)";
				SWIFT_VERSION = 5.0;
				TARGETED_DEVICE_FAMILY = "1,2";
			};
			name = Release;
		};
/* End XCBuildConfiguration section */

/* Begin XCConfigurationList section */
		CE482CEE262C954A00C0A2D5 /* Build configuration list for PBXProject "SampleApp" */ = {
			isa = XCConfigurationList;
			buildConfigurations = (
				CE482D05262C954C00C0A2D5 /* Debug */,
				CE482D06262C954C00C0A2D5 /* Release */,
			);
			defaultConfigurationIsVisible = 0;
			defaultConfigurationName = Release;
		};
		CE482D07262C954C00C0A2D5 /* Build configuration list for PBXNativeTarget "SampleApp" */ = {
			isa = XCConfigurationList;
			buildConfigurations = (
				CE482D08262C954C00C0A2D5 /* Debug */,
				CE482D09262C954C00C0A2D5 /* Release */,
			);
			defaultConfigurationIsVisible = 0;
			defaultConfigurationName = Release;
		};
/* End XCConfigurationList section */
	};
	rootObject = CE482CEB262C954A00C0A2D5 /* Project object */;
}
