// !$*UTF8*$!
{
	archiveVersion = 1;
	classes = {
	};
	objectVersion = 77;
	objects = {

/* Begin PBXBuildFile section */
		4E8BE2A52E89DC8B00A7D6C5 /* RawModel in Frameworks */ = {isa = PBXBuildFile; productRef = 4E8BE2A42E89DC8B00A7D6C5 /* RawModel */; };
		4EE7A0A32E89D35A00B9DED2 /* RawModel in Frameworks */ = {isa = PBXBuildFile; productRef = 4EE7A0A22E89D35A00B9DED2 /* RawModel */; };
		5A49628526DF73B700A4B4DF /* HealthKit.framework in Frameworks */ = {isa = PBXBuildFile; fileRef = 5A49628426DF73B700A4B4DF /* HealthKit.framework */; };
		84F43F5A2B4D6A4C009DFFF8 /* OTFMagicBoxWatch.app in Embed Watch Content */ = {isa = PBXBuildFile; fileRef = 84F43F4D2B4D6A4A009DFFF8 /* OTFMagicBoxWatch.app */; settings = {ATTRIBUTES = (RemoveHeadersOnCopy, ); }; };
		BC0DD2448EC4F8BFB4D10BB9 /* Pods_OTFMagicBoxWatch.framework in Frameworks */ = {isa = PBXBuildFile; fileRef = B0D562C5A4B7B5FEA7610A9B /* Pods_OTFMagicBoxWatch.framework */; };
		E4C8CE6BE2199F8D112C17E0 /* Pods_OTFMagicBox.framework in Frameworks */ = {isa = PBXBuildFile; fileRef = 317B0EBF823A947F90A5B722 /* Pods_OTFMagicBox.framework */; };
/* End PBXBuildFile section */

/* Begin PBXContainerItemProxy section */
		5A7B6DAE26FD282C00F872A1 /* PBXContainerItemProxy */ = {
			isa = PBXContainerItemProxy;
			containerPortal = CE482CEB262C954A00C0A2D5 /* Project object */;
			proxyType = 1;
			remoteGlobalIDString = CE482CF2262C954A00C0A2D5;
			remoteInfo = OTFMagicBox;
		};
		84F43F582B4D6A4C009DFFF8 /* PBXContainerItemProxy */ = {
			isa = PBXContainerItemProxy;
			containerPortal = CE482CEB262C954A00C0A2D5 /* Project object */;
			proxyType = 1;
			remoteGlobalIDString = 84F43F4C2B4D6A4A009DFFF8;
			remoteInfo = "OTFMagicBoxWatch Watch App";
		};
/* End PBXContainerItemProxy section */

/* Begin PBXCopyFilesBuildPhase section */
		7CA3D3142A8A43C400FCB048 /* Embed Watch Content */ = {
			isa = PBXCopyFilesBuildPhase;
			buildActionMask = 12;
			dstPath = "$(CONTENTS_FOLDER_PATH)/Watch";
			dstSubfolderSpec = 16;
			files = (
				84F43F5A2B4D6A4C009DFFF8 /* OTFMagicBoxWatch.app in Embed Watch Content */,
			);
			name = "Embed Watch Content";
			runOnlyForDeploymentPostprocessing = 0;
		};
/* End PBXCopyFilesBuildPhase section */

/* Begin PBXFileReference section */
		01F69839E965FD3F90DFD35D /* Pods-OTFMagicBox.carehealth.xcconfig */ = {isa = PBXFileReference; includeInIndex = 1; lastKnownFileType = text.xcconfig; name = "Pods-OTFMagicBox.carehealth.xcconfig"; path = "Target Support Files/Pods-OTFMagicBox/Pods-OTFMagicBox.carehealth.xcconfig"; sourceTree = "<group>"; };
		0AF99A1A9A0F89A44D3A1F92 /* Pods-OTFMagicBoxWatch.debug.xcconfig */ = {isa = PBXFileReference; includeInIndex = 1; lastKnownFileType = text.xcconfig; name = "Pods-OTFMagicBoxWatch.debug.xcconfig"; path = "Target Support Files/Pods-OTFMagicBoxWatch/Pods-OTFMagicBoxWatch.debug.xcconfig"; sourceTree = "<group>"; };
		279A4E133454E00700BF86BF /* Pods-OTFMagicBox.release.xcconfig */ = {isa = PBXFileReference; includeInIndex = 1; lastKnownFileType = text.xcconfig; name = "Pods-OTFMagicBox.release.xcconfig"; path = "Target Support Files/Pods-OTFMagicBox/Pods-OTFMagicBox.release.xcconfig"; sourceTree = "<group>"; };
		317B0EBF823A947F90A5B722 /* Pods_OTFMagicBox.framework */ = {isa = PBXFileReference; explicitFileType = wrapper.framework; includeInIndex = 0; path = Pods_OTFMagicBox.framework; sourceTree = BUILT_PRODUCTS_DIR; };
		35FAC6B92A9E1E23A15862CA /* Pods-OTFMagicBoxWatch.care.xcconfig */ = {isa = PBXFileReference; includeInIndex = 1; lastKnownFileType = text.xcconfig; name = "Pods-OTFMagicBoxWatch.care.xcconfig"; path = "Target Support Files/Pods-OTFMagicBoxWatch/Pods-OTFMagicBoxWatch.care.xcconfig"; sourceTree = "<group>"; };
		4482AFA87C4403ABBF836F19 /* Pods-OTFMagicBox.care.xcconfig */ = {isa = PBXFileReference; includeInIndex = 1; lastKnownFileType = text.xcconfig; name = "Pods-OTFMagicBox.care.xcconfig"; path = "Target Support Files/Pods-OTFMagicBox/Pods-OTFMagicBox.care.xcconfig"; sourceTree = "<group>"; };
		5A49628426DF73B700A4B4DF /* HealthKit.framework */ = {isa = PBXFileReference; lastKnownFileType = wrapper.framework; name = HealthKit.framework; path = System/Library/Frameworks/HealthKit.framework; sourceTree = SDKROOT; };
		5A7B6DA926FD282C00F872A1 /* OTFMagicBoxTests.xctest */ = {isa = PBXFileReference; explicitFileType = wrapper.cfbundle; includeInIndex = 0; path = OTFMagicBoxTests.xctest; sourceTree = BUILT_PRODUCTS_DIR; };
		6866B036622565469A099223 /* Pods-OTFMagicBoxWatch.release.xcconfig */ = {isa = PBXFileReference; includeInIndex = 1; lastKnownFileType = text.xcconfig; name = "Pods-OTFMagicBoxWatch.release.xcconfig"; path = "Target Support Files/Pods-OTFMagicBoxWatch/Pods-OTFMagicBoxWatch.release.xcconfig"; sourceTree = "<group>"; };
		84F43F4D2B4D6A4A009DFFF8 /* OTFMagicBoxWatch.app */ = {isa = PBXFileReference; explicitFileType = wrapper.application; includeInIndex = 0; path = OTFMagicBoxWatch.app; sourceTree = BUILT_PRODUCTS_DIR; };
		A14C9E782B63A3E5E3ABFB46 /* Pods-OTFMagicBox.debug.xcconfig */ = {isa = PBXFileReference; includeInIndex = 1; lastKnownFileType = text.xcconfig; name = "Pods-OTFMagicBox.debug.xcconfig"; path = "Target Support Files/Pods-OTFMagicBox/Pods-OTFMagicBox.debug.xcconfig"; sourceTree = "<group>"; };
		ACBC985F3A507F502B53610A /* Pods-OTFMagicBoxWatch.carehealth.xcconfig */ = {isa = PBXFileReference; includeInIndex = 1; lastKnownFileType = text.xcconfig; name = "Pods-OTFMagicBoxWatch.carehealth.xcconfig"; path = "Target Support Files/Pods-OTFMagicBoxWatch/Pods-OTFMagicBoxWatch.carehealth.xcconfig"; sourceTree = "<group>"; };
		B0D562C5A4B7B5FEA7610A9B /* Pods_OTFMagicBoxWatch.framework */ = {isa = PBXFileReference; explicitFileType = wrapper.framework; includeInIndex = 0; path = Pods_OTFMagicBoxWatch.framework; sourceTree = BUILT_PRODUCTS_DIR; };
		CE482CF3262C954A00C0A2D5 /* OTFMagicBox.app */ = {isa = PBXFileReference; explicitFileType = wrapper.application; includeInIndex = 0; path = OTFMagicBox.app; sourceTree = BUILT_PRODUCTS_DIR; };
/* End PBXFileReference section */

/* Begin PBXFileSystemSynchronizedBuildFileExceptionSet section */
		8F5F056B2F325B3A00B08C35 /* Exceptions for "OTFMagicBox" folder in "OTFMagicBox" target */ = {
			isa = PBXFileSystemSynchronizedBuildFileExceptionSet;
			membershipExceptions = (
				Info.plist,
				Samples.xcassets,
			);
			target = CE482CF2262C954A00C0A2D5 /* OTFMagicBox */;
		};
		8F5F056C2F325B3A00B08C35 /* Exceptions for "OTFMagicBox" folder in "OTFMagicBoxWatch" target */ = {
			isa = PBXFileSystemSynchronizedBuildFileExceptionSet;
			membershipExceptions = (
				MagicBox.icon,
				UI/Components/ContentUnavailable.swift,
			);
			target = 84F43F4C2B4D6A4A009DFFF8 /* OTFMagicBoxWatch */;
		};
		8F5F05752F326B0A00B08C35 /* Exceptions for "OTFMagicBoxTests" folder in "OTFMagicBoxTests" target */ = {
			isa = PBXFileSystemSynchronizedBuildFileExceptionSet;
			membershipExceptions = (
				OTFMagicBoxTests.swift,
			);
			target = 5A7B6DA826FD282C00F872A1 /* OTFMagicBoxTests */;
		};
		8F5F05922F326B3F00B08C35 /* Exceptions for "OTFMagicBoxWatch" folder in "OTFMagicBoxWatch" target */ = {
			isa = PBXFileSystemSynchronizedBuildFileExceptionSet;
			membershipExceptions = (
				Info.plist,
			);
			target = 84F43F4C2B4D6A4A009DFFF8 /* OTFMagicBoxWatch */;
		};
/* End PBXFileSystemSynchronizedBuildFileExceptionSet section */

/* Begin PBXFileSystemSynchronizedRootGroup section */
		8F5F042F2F325B3A00B08C35 /* OTFMagicBox */ = {
			isa = PBXFileSystemSynchronizedRootGroup;
			exceptions = (
				8F5F056B2F325B3A00B08C35 /* Exceptions for "OTFMagicBox" folder in "OTFMagicBox" target */,
				8F5F056C2F325B3A00B08C35 /* Exceptions for "OTFMagicBox" folder in "OTFMagicBoxWatch" target */,
			);
			path = OTFMagicBox;
			sourceTree = "<group>";
		};
		8F5F05732F326B0A00B08C35 /* OTFMagicBoxTests */ = {
			isa = PBXFileSystemSynchronizedRootGroup;
			exceptions = (
				8F5F05752F326B0A00B08C35 /* Exceptions for "OTFMagicBoxTests" folder in "OTFMagicBoxTests" target */,
			);
			path = OTFMagicBoxTests;
			sourceTree = "<group>";
		};
		8F5F05872F326B3F00B08C35 /* OTFMagicBoxWatch */ = {
			isa = PBXFileSystemSynchronizedRootGroup;
			exceptions = (
				8F5F05922F326B3F00B08C35 /* Exceptions for "OTFMagicBoxWatch" folder in "OTFMagicBoxWatch" target */,
			);
			path = OTFMagicBoxWatch;
			sourceTree = "<group>";
		};
/* End PBXFileSystemSynchronizedRootGroup section */

/* Begin PBXFrameworksBuildPhase section */
		5A7B6DA626FD282C00F872A1 /* Frameworks */ = {
			isa = PBXFrameworksBuildPhase;
			buildActionMask = 2147483647;
			files = (
			);
			runOnlyForDeploymentPostprocessing = 0;
		};
		84F43F4A2B4D6A4A009DFFF8 /* Frameworks */ = {
			isa = PBXFrameworksBuildPhase;
			buildActionMask = 2147483647;
			files = (
				BC0DD2448EC4F8BFB4D10BB9 /* Pods_OTFMagicBoxWatch.framework in Frameworks */,
			);
			runOnlyForDeploymentPostprocessing = 0;
		};
		CE482CF0262C954A00C0A2D5 /* Frameworks */ = {
			isa = PBXFrameworksBuildPhase;
			buildActionMask = 2147483647;
			files = (
				4EE7A0A32E89D35A00B9DED2 /* RawModel in Frameworks */,
				5A49628526DF73B700A4B4DF /* HealthKit.framework in Frameworks */,
				4E8BE2A52E89DC8B00A7D6C5 /* RawModel in Frameworks */,
				E4C8CE6BE2199F8D112C17E0 /* Pods_OTFMagicBox.framework in Frameworks */,
			);
			runOnlyForDeploymentPostprocessing = 0;
		};
/* End PBXFrameworksBuildPhase section */

/* Begin PBXGroup section */
		8C979D2203D122CC68BA93F2 /* Pods */ = {
			isa = PBXGroup;
			children = (
				A14C9E782B63A3E5E3ABFB46 /* Pods-OTFMagicBox.debug.xcconfig */,
				01F69839E965FD3F90DFD35D /* Pods-OTFMagicBox.carehealth.xcconfig */,
				4482AFA87C4403ABBF836F19 /* Pods-OTFMagicBox.care.xcconfig */,
				279A4E133454E00700BF86BF /* Pods-OTFMagicBox.release.xcconfig */,
				0AF99A1A9A0F89A44D3A1F92 /* Pods-OTFMagicBoxWatch.debug.xcconfig */,
				ACBC985F3A507F502B53610A /* Pods-OTFMagicBoxWatch.carehealth.xcconfig */,
				35FAC6B92A9E1E23A15862CA /* Pods-OTFMagicBoxWatch.care.xcconfig */,
				6866B036622565469A099223 /* Pods-OTFMagicBoxWatch.release.xcconfig */,
			);
			path = Pods;
			sourceTree = "<group>";
		};
		C9D92AAC7DE27C25427A4DB9 /* Frameworks */ = {
			isa = PBXGroup;
			children = (
				5A49628426DF73B700A4B4DF /* HealthKit.framework */,
				317B0EBF823A947F90A5B722 /* Pods_OTFMagicBox.framework */,
				B0D562C5A4B7B5FEA7610A9B /* Pods_OTFMagicBoxWatch.framework */,
			);
			name = Frameworks;
			sourceTree = "<group>";
		};
		CE482CEA262C954A00C0A2D5 = {
			isa = PBXGroup;
			children = (
				8F5F042F2F325B3A00B08C35 /* OTFMagicBox */,
				8F5F05732F326B0A00B08C35 /* OTFMagicBoxTests */,
				8F5F05872F326B3F00B08C35 /* OTFMagicBoxWatch */,
				CE482CF4262C954A00C0A2D5 /* Products */,
				8C979D2203D122CC68BA93F2 /* Pods */,
				C9D92AAC7DE27C25427A4DB9 /* Frameworks */,
			);
			sourceTree = "<group>";
		};
		CE482CF4262C954A00C0A2D5 /* Products */ = {
			isa = PBXGroup;
			children = (
				CE482CF3262C954A00C0A2D5 /* OTFMagicBox.app */,
				5A7B6DA926FD282C00F872A1 /* OTFMagicBoxTests.xctest */,
				84F43F4D2B4D6A4A009DFFF8 /* OTFMagicBoxWatch.app */,
			);
			name = Products;
			sourceTree = "<group>";
		};
/* End PBXGroup section */

/* Begin PBXNativeTarget section */
		5A7B6DA826FD282C00F872A1 /* OTFMagicBoxTests */ = {
			isa = PBXNativeTarget;
			buildConfigurationList = 5A7B6DB226FD282C00F872A1 /* Build configuration list for PBXNativeTarget "OTFMagicBoxTests" */;
			buildPhases = (
				5A7B6DA526FD282C00F872A1 /* Sources */,
				5A7B6DA626FD282C00F872A1 /* Frameworks */,
				5A7B6DA726FD282C00F872A1 /* Resources */,
			);
			buildRules = (
			);
			dependencies = (
				5A7B6DAF26FD282C00F872A1 /* PBXTargetDependency */,
			);
			name = OTFMagicBoxTests;
			productName = OTFMagicBoxTests;
			productReference = 5A7B6DA926FD282C00F872A1 /* OTFMagicBoxTests.xctest */;
			productType = "com.apple.product-type.bundle.unit-test";
		};
		84F43F4C2B4D6A4A009DFFF8 /* OTFMagicBoxWatch */ = {
			isa = PBXNativeTarget;
			buildConfigurationList = 84F43F5D2B4D6A4C009DFFF8 /* Build configuration list for PBXNativeTarget "OTFMagicBoxWatch" */;
			buildPhases = (
				E126EFF40ED2E4F5192D5565 /* [CP] Check Pods Manifest.lock */,
				84F43F492B4D6A4A009DFFF8 /* Sources */,
				84F43F4A2B4D6A4A009DFFF8 /* Frameworks */,
				84F43F4B2B4D6A4A009DFFF8 /* Resources */,
				901EEAFD2BDA2A10004EC8B5 /* SwiftLint */,
				F1C1256CE3247B6A7380A5E6 /* [CP] Embed Pods Frameworks */,
			);
			buildRules = (
			);
			dependencies = (
			);
			fileSystemSynchronizedGroups = (
				8F5F05872F326B3F00B08C35 /* OTFMagicBoxWatch */,
			);
			name = OTFMagicBoxWatch;
			productName = "OTFMagicBoxWatch Watch App";
			productReference = 84F43F4D2B4D6A4A009DFFF8 /* OTFMagicBoxWatch.app */;
			productType = "com.apple.product-type.application";
		};
		CE482CF2262C954A00C0A2D5 /* OTFMagicBox */ = {
			isa = PBXNativeTarget;
			buildConfigurationList = CE482D07262C954C00C0A2D5 /* Build configuration list for PBXNativeTarget "OTFMagicBox" */;
			buildPhases = (
				16A2AC60EC1D1A67B6330F79 /* [CP] Check Pods Manifest.lock */,
				CE482CEF262C954A00C0A2D5 /* Sources */,
				CE482CF0262C954A00C0A2D5 /* Frameworks */,
				CE482CF1262C954A00C0A2D5 /* Resources */,
				7CA3D3142A8A43C400FCB048 /* Embed Watch Content */,
				902E18A92AEA869B00F694F2 /* SwiftLint */,
				CF8D70C6DD2CC858EBFCD7B0 /* [CP] Embed Pods Frameworks */,
			);
			buildRules = (
			);
			dependencies = (
				84F43F592B4D6A4C009DFFF8 /* PBXTargetDependency */,
			);
			fileSystemSynchronizedGroups = (
				8F5F042F2F325B3A00B08C35 /* OTFMagicBox */,
			);
			name = OTFMagicBox;
			productName = CompletelyNewApp;
			productReference = CE482CF3262C954A00C0A2D5 /* OTFMagicBox.app */;
			productType = "com.apple.product-type.application";
		};
/* End PBXNativeTarget section */

/* Begin PBXProject section */
		CE482CEB262C954A00C0A2D5 /* Project object */ = {
			isa = PBXProject;
			attributes = {
				BuildIndependentTargetsInParallel = YES;
				DefaultBuildSystemTypeForWorkspace = Original;
				LastSwiftUpdateCheck = 1500;
				LastUpgradeCheck = 2630;
				TargetAttributes = {
					5A7B6DA826FD282C00F872A1 = {
						CreatedOnToolsVersion = 12.5.1;
						TestTargetID = CE482CF2262C954A00C0A2D5;
					};
					84F43F4C2B4D6A4A009DFFF8 = {
						CreatedOnToolsVersion = 15.0.1;
					};
					CE482CF2262C954A00C0A2D5 = {
						CreatedOnToolsVersion = 12.4;
					};
				};
			};
			buildConfigurationList = CE482CEE262C954A00C0A2D5 /* Build configuration list for PBXProject "OTFMagicBox" */;
			developmentRegion = en;
			hasScannedForEncodings = 0;
			knownRegions = (
				en,
				Base,
			);
			mainGroup = CE482CEA262C954A00C0A2D5;
			packageReferences = (
				4E8BE2A32E89DC8B00A7D6C5 /* XCLocalSwiftPackageReference "RawGenerableMacro" */,
			);
			preferredProjectObjectVersion = 77;
			productRefGroup = CE482CF4262C954A00C0A2D5 /* Products */;
			projectDirPath = "";
			projectRoot = "";
			targets = (
				CE482CF2262C954A00C0A2D5 /* OTFMagicBox */,
				5A7B6DA826FD282C00F872A1 /* OTFMagicBoxTests */,
				84F43F4C2B4D6A4A009DFFF8 /* OTFMagicBoxWatch */,
			);
		};
/* End PBXProject section */

/* Begin PBXResourcesBuildPhase section */
		5A7B6DA726FD282C00F872A1 /* Resources */ = {
			isa = PBXResourcesBuildPhase;
			buildActionMask = 2147483647;
			files = (
			);
			runOnlyForDeploymentPostprocessing = 0;
		};
		84F43F4B2B4D6A4A009DFFF8 /* Resources */ = {
			isa = PBXResourcesBuildPhase;
			buildActionMask = 2147483647;
			files = (
			);
			runOnlyForDeploymentPostprocessing = 0;
		};
		CE482CF1262C954A00C0A2D5 /* Resources */ = {
			isa = PBXResourcesBuildPhase;
			buildActionMask = 2147483647;
			files = (
			);
			runOnlyForDeploymentPostprocessing = 0;
		};
/* End PBXResourcesBuildPhase section */

/* Begin PBXShellScriptBuildPhase section */
		16A2AC60EC1D1A67B6330F79 /* [CP] Check Pods Manifest.lock */ = {
			isa = PBXShellScriptBuildPhase;
			buildActionMask = 2147483647;
			files = (
			);
			inputFileListPaths = (
			);
			inputPaths = (
				"${PODS_PODFILE_DIR_PATH}/Podfile.lock",
				"${PODS_ROOT}/Manifest.lock",
			);
			name = "[CP] Check Pods Manifest.lock";
			outputFileListPaths = (
			);
			outputPaths = (
				"$(DERIVED_FILE_DIR)/Pods-OTFMagicBox-checkManifestLockResult.txt",
			);
			runOnlyForDeploymentPostprocessing = 0;
			shellPath = /bin/sh;
			shellScript = "diff \"${PODS_PODFILE_DIR_PATH}/Podfile.lock\" \"${PODS_ROOT}/Manifest.lock\" > /dev/null\nif [ $? != 0 ] ; then\n    # print error to STDERR\n    echo \"error: The sandbox is not in sync with the Podfile.lock. Run 'pod install' or update your CocoaPods installation.\" >&2\n    exit 1\nfi\n# This output is used by Xcode 'outputs' to avoid re-running this script phase.\necho \"SUCCESS\" > \"${SCRIPT_OUTPUT_FILE_0}\"\n";
			showEnvVarsInLog = 0;
		};
		901EEAFD2BDA2A10004EC8B5 /* SwiftLint */ = {
			isa = PBXShellScriptBuildPhase;
			alwaysOutOfDate = 1;
			buildActionMask = 2147483647;
			files = (
			);
			inputFileListPaths = (
			);
			inputPaths = (
			);
			name = SwiftLint;
			outputFileListPaths = (
			);
			outputPaths = (
			);
			runOnlyForDeploymentPostprocessing = 0;
			shellPath = /bin/sh;
			shellScript = "#!/bin/bash\n\n# SwiftLint Build Phase Script\n# Ensures SwiftLint is installed and runs it during the build process.\n\n# Prepend common Homebrew install paths to PATH (Apple Silicon and Intel)\nPATH=\"/opt/homebrew/bin:/usr/local/bin:$PATH\"\n\n# Prints formatted informational messages\ninfo() {\n    echo \"[SwiftLint] $1\"\n}\n\n# Installs SwiftLint using Homebrew if it's not already installed\ninstall_swiftlint() {\n    if command -v brew >/dev/null; then\n        info \"SwiftLint not found. Installing via Homebrew...\"\n        brew update\n        brew install swiftlint\n\n        # Verify installation\n        if ! command -v swiftlint >/dev/null; then\n            echo \"error: SwiftLint installation failed. Please install it manually.\"\n            exit 1\n        fi\n    else\n        echo \"error: Homebrew is not available. Please install SwiftLint manually:\"\n        echo \"https://github.com/realm/SwiftLint\"\n        exit 1\n    fi\n}\n\n# Check if SwiftLint is available; install it if missing\nif ! command -v swiftlint >/dev/null; then\n    install_swiftlint\nelse\n    info \"SwiftLint is already installed.\"\nfi\n\n# Run SwiftLint\ninfo \"Running SwiftLint...\"\nswiftlint\n";
		};
		902E18A92AEA869B00F694F2 /* SwiftLint */ = {
			isa = PBXShellScriptBuildPhase;
			alwaysOutOfDate = 1;
			buildActionMask = 2147483647;
			files = (
			);
			inputFileListPaths = (
			);
			inputPaths = (
			);
			name = SwiftLint;
			outputFileListPaths = (
			);
			outputPaths = (
			);
			runOnlyForDeploymentPostprocessing = 0;
			shellPath = /bin/sh;
			shellScript = "#!/bin/bash\n\n# SwiftLint Build Phase Script\n# Ensures SwiftLint is installed and runs it during the build process.\n\n# Prepend common Homebrew install paths to PATH (Apple Silicon and Intel)\nPATH=\"/opt/homebrew/bin:/usr/local/bin:$PATH\"\n\n# Prints formatted informational messages\ninfo() {\n    echo \"[SwiftLint] $1\"\n}\n\n# Installs SwiftLint using Homebrew if it's not already installed\ninstall_swiftlint() {\n    if command -v brew >/dev/null; then\n        info \"SwiftLint not found. Installing via Homebrew...\"\n        brew update\n        brew install swiftlint\n\n        # Verify installation\n        if ! command -v swiftlint >/dev/null; then\n            echo \"error: SwiftLint installation failed. Please install it manually.\"\n            exit 1\n        fi\n    else\n        echo \"error: Homebrew is not available. Please install SwiftLint manually:\"\n        echo \"https://github.com/realm/SwiftLint\"\n        exit 1\n    fi\n}\n\n# Check if SwiftLint is available; install it if missing\nif ! command -v swiftlint >/dev/null; then\n    install_swiftlint\nelse\n    info \"SwiftLint is already installed.\"\nfi\n\n# Run SwiftLint\ninfo \"Running SwiftLint...\"\nswiftlint\n";
		};
		CF8D70C6DD2CC858EBFCD7B0 /* [CP] Embed Pods Frameworks */ = {
			isa = PBXShellScriptBuildPhase;
			buildActionMask = 2147483647;
			files = (
			);
			inputFileListPaths = (
				"${PODS_ROOT}/Target Support Files/Pods-OTFMagicBox/Pods-OTFMagicBox-frameworks-${CONFIGURATION}-input-files.xcfilelist",
			);
			inputPaths = (
			);
			name = "[CP] Embed Pods Frameworks";
			outputFileListPaths = (
				"${PODS_ROOT}/Target Support Files/Pods-OTFMagicBox/Pods-OTFMagicBox-frameworks-${CONFIGURATION}-output-files.xcfilelist",
			);
			outputPaths = (
			);
			runOnlyForDeploymentPostprocessing = 0;
			shellPath = /bin/sh;
			shellScript = "\"${PODS_ROOT}/Target Support Files/Pods-OTFMagicBox/Pods-OTFMagicBox-frameworks.sh\"\n";
			showEnvVarsInLog = 0;
		};
		E126EFF40ED2E4F5192D5565 /* [CP] Check Pods Manifest.lock */ = {
			isa = PBXShellScriptBuildPhase;
			buildActionMask = 2147483647;
			files = (
			);
			inputFileListPaths = (
			);
			inputPaths = (
				"${PODS_PODFILE_DIR_PATH}/Podfile.lock",
				"${PODS_ROOT}/Manifest.lock",
			);
			name = "[CP] Check Pods Manifest.lock";
			outputFileListPaths = (
			);
			outputPaths = (
				"$(DERIVED_FILE_DIR)/Pods-OTFMagicBoxWatch-checkManifestLockResult.txt",
			);
			runOnlyForDeploymentPostprocessing = 0;
			shellPath = /bin/sh;
			shellScript = "diff \"${PODS_PODFILE_DIR_PATH}/Podfile.lock\" \"${PODS_ROOT}/Manifest.lock\" > /dev/null\nif [ $? != 0 ] ; then\n    # print error to STDERR\n    echo \"error: The sandbox is not in sync with the Podfile.lock. Run 'pod install' or update your CocoaPods installation.\" >&2\n    exit 1\nfi\n# This output is used by Xcode 'outputs' to avoid re-running this script phase.\necho \"SUCCESS\" > \"${SCRIPT_OUTPUT_FILE_0}\"\n";
			showEnvVarsInLog = 0;
		};
		F1C1256CE3247B6A7380A5E6 /* [CP] Embed Pods Frameworks */ = {
			isa = PBXShellScriptBuildPhase;
			buildActionMask = 2147483647;
			files = (
			);
			inputFileListPaths = (
				"${PODS_ROOT}/Target Support Files/Pods-OTFMagicBoxWatch/Pods-OTFMagicBoxWatch-frameworks-${CONFIGURATION}-input-files.xcfilelist",
			);
			inputPaths = (
			);
			name = "[CP] Embed Pods Frameworks";
			outputFileListPaths = (
				"${PODS_ROOT}/Target Support Files/Pods-OTFMagicBoxWatch/Pods-OTFMagicBoxWatch-frameworks-${CONFIGURATION}-output-files.xcfilelist",
			);
			outputPaths = (
			);
			runOnlyForDeploymentPostprocessing = 0;
			shellPath = /bin/sh;
			shellScript = "\"${PODS_ROOT}/Target Support Files/Pods-OTFMagicBoxWatch/Pods-OTFMagicBoxWatch-frameworks.sh\"\n";
			showEnvVarsInLog = 0;
		};
/* End PBXShellScriptBuildPhase section */

/* Begin PBXSourcesBuildPhase section */
		5A7B6DA526FD282C00F872A1 /* Sources */ = {
			isa = PBXSourcesBuildPhase;
			buildActionMask = 2147483647;
			files = (
			);
			runOnlyForDeploymentPostprocessing = 0;
		};
		84F43F492B4D6A4A009DFFF8 /* Sources */ = {
			isa = PBXSourcesBuildPhase;
			buildActionMask = 2147483647;
			files = (
			);
			runOnlyForDeploymentPostprocessing = 0;
		};
		CE482CEF262C954A00C0A2D5 /* Sources */ = {
			isa = PBXSourcesBuildPhase;
			buildActionMask = 2147483647;
			files = (
			);
			runOnlyForDeploymentPostprocessing = 0;
		};
/* End PBXSourcesBuildPhase section */

/* Begin PBXTargetDependency section */
		5A7B6DAF26FD282C00F872A1 /* PBXTargetDependency */ = {
			isa = PBXTargetDependency;
			target = CE482CF2262C954A00C0A2D5 /* OTFMagicBox */;
			targetProxy = 5A7B6DAE26FD282C00F872A1 /* PBXContainerItemProxy */;
		};
		84F43F592B4D6A4C009DFFF8 /* PBXTargetDependency */ = {
			isa = PBXTargetDependency;
			target = 84F43F4C2B4D6A4A009DFFF8 /* OTFMagicBoxWatch */;
			targetProxy = 84F43F582B4D6A4C009DFFF8 /* PBXContainerItemProxy */;
		};
/* End PBXTargetDependency section */

/* Begin XCBuildConfiguration section */
		5A7B6DB026FD282C00F872A1 /* Debug */ = {
			isa = XCBuildConfiguration;
			buildSettings = {
				BUNDLE_LOADER = "$(TEST_HOST)";
				CODE_SIGN_STYLE = Automatic;
				DEVELOPMENT_TEAM = 53UK9NNVG5;
				INFOPLIST_FILE = OTFMagicBoxTests/Info.plist;
				IPHONEOS_DEPLOYMENT_TARGET = 16.4;
				LD_RUNPATH_SEARCH_PATHS = (
					"$(inherited)",
					"@executable_path/Frameworks",
					"@loader_path/Frameworks",
				);
				PRODUCT_BUNDLE_IDENTIFIER = MyCompany.OTFMagicBoxTests;
				PRODUCT_NAME = "$(TARGET_NAME)";
				SWIFT_VERSION = 5.0;
				TARGETED_DEVICE_FAMILY = "1,2";
				TEST_HOST = "$(BUILT_PRODUCTS_DIR)/OTFMagicBox.app/OTFMagicBox";
			};
			name = Debug;
		};
		5A7B6DB126FD282C00F872A1 /* Release */ = {
			isa = XCBuildConfiguration;
			buildSettings = {
				BUNDLE_LOADER = "$(TEST_HOST)";
				CODE_SIGN_STYLE = Automatic;
				DEVELOPMENT_TEAM = 53UK9NNVG5;
				INFOPLIST_FILE = OTFMagicBoxTests/Info.plist;
				IPHONEOS_DEPLOYMENT_TARGET = 16.4;
				LD_RUNPATH_SEARCH_PATHS = (
					"$(inherited)",
					"@executable_path/Frameworks",
					"@loader_path/Frameworks",
				);
				PRODUCT_BUNDLE_IDENTIFIER = MyCompany.OTFMagicBoxTests;
				PRODUCT_NAME = "$(TARGET_NAME)";
				SWIFT_VERSION = 5.0;
				TARGETED_DEVICE_FAMILY = "1,2";
				TEST_HOST = "$(BUILT_PRODUCTS_DIR)/OTFMagicBox.app/OTFMagicBox";
			};
			name = Release;
		};
		84F43F5B2B4D6A4C009DFFF8 /* Debug */ = {
			isa = XCBuildConfiguration;
			baseConfigurationReference = 0AF99A1A9A0F89A44D3A1F92 /* Pods-OTFMagicBoxWatch.debug.xcconfig */;
			buildSettings = {
				ASSETCATALOG_COMPILER_APPICON_NAME = MagicBox;
				ASSETCATALOG_COMPILER_GENERATE_SWIFT_ASSET_SYMBOL_EXTENSIONS = YES;
				ASSETCATALOG_COMPILER_GLOBAL_ACCENT_COLOR_NAME = AccentColor;
				ASSETCATALOG_COMPILER_INCLUDE_ALL_APPICON_ASSETS = NO;
				CLANG_CXX_LANGUAGE_STANDARD = "gnu++20";
				CODE_SIGN_ENTITLEMENTS = OTFMagicBoxWatch/OTFMagicBoxWatchDebug.entitlements;
				CODE_SIGN_IDENTITY = "Apple Development";
				CODE_SIGN_STYLE = Automatic;
				CURRENT_PROJECT_VERSION = 4;
				DEVELOPMENT_ASSET_PATHS = "";
				DEVELOPMENT_TEAM = 53UK9NNVG5;
				ENABLE_PREVIEWS = YES;
				ENABLE_USER_SCRIPT_SANDBOXING = NO;
				GCC_C_LANGUAGE_STANDARD = gnu17;
				GENERATE_INFOPLIST_FILE = YES;
				INFOPLIST_FILE = OTFMagicBoxWatch/Info.plist;
				INFOPLIST_KEY_CFBundleDisplayName = MagicBox;
				INFOPLIST_KEY_NSHealthClinicalHealthRecordsShareUsageDescription = "would like to capture a snap shot of your heart rate for the purpose of using the data in a clinical research study. Please grant this permission to continue participating.";
				INFOPLIST_KEY_NSHealthShareUsageDescription = "would like to capture a snap shot of your heart rate for the purpose of using the data in a clinical research study. Please grant this permission to continue participating.";
				INFOPLIST_KEY_NSHealthUpdateUsageDescription = "would like to capture a snap shot of your heart rate for the purpose of using the data in a clinical research study. Please grant this permission to continue participating.";
				INFOPLIST_KEY_UISupportedInterfaceOrientations = "UIInterfaceOrientationPortrait UIInterfaceOrientationPortraitUpsideDown";
				INFOPLIST_KEY_WKCompanionAppBundleIdentifier = org.theraforge.magicbox.ios;
				LD_RUNPATH_SEARCH_PATHS = (
					"$(inherited)",
					"@executable_path/Frameworks",
				);
				LOCALIZATION_PREFERS_STRING_CATALOGS = YES;
				MARKETING_VERSION = 2.0.0;
				PRODUCT_BUNDLE_IDENTIFIER = org.theraforge.magicbox.ios.watchkit;
				PRODUCT_NAME = "$(TARGET_NAME)";
				PROVISIONING_PROFILE_SPECIFIER = "";
				SDKROOT = watchos;
				SKIP_INSTALL = YES;
				SWIFT_ACTIVE_COMPILATION_CONDITIONS = "DEBUG $(inherited)";
				SWIFT_EMIT_LOC_STRINGS = YES;
				SWIFT_VERSION = 5.0;
				TARGETED_DEVICE_FAMILY = 4;
				WATCHOS_DEPLOYMENT_TARGET = 9.0;
			};
			name = Debug;
		};
		84F43F5C2B4D6A4C009DFFF8 /* Release */ = {
			isa = XCBuildConfiguration;
			baseConfigurationReference = 6866B036622565469A099223 /* Pods-OTFMagicBoxWatch.release.xcconfig */;
			buildSettings = {
				ASSETCATALOG_COMPILER_APPICON_NAME = MagicBox;
				ASSETCATALOG_COMPILER_GENERATE_SWIFT_ASSET_SYMBOL_EXTENSIONS = YES;
				ASSETCATALOG_COMPILER_GLOBAL_ACCENT_COLOR_NAME = AccentColor;
				ASSETCATALOG_COMPILER_INCLUDE_ALL_APPICON_ASSETS = NO;
				CLANG_CXX_LANGUAGE_STANDARD = "gnu++20";
				CODE_SIGN_ENTITLEMENTS = OTFMagicBoxWatch/OTFMagicBoxWatchRelease.entitlements;
				CODE_SIGN_IDENTITY = "Apple Development";
				CODE_SIGN_STYLE = Automatic;
				CURRENT_PROJECT_VERSION = 4;
				DEVELOPMENT_ASSET_PATHS = "";
				DEVELOPMENT_TEAM = 53UK9NNVG5;
				ENABLE_PREVIEWS = YES;
				ENABLE_USER_SCRIPT_SANDBOXING = NO;
				GCC_C_LANGUAGE_STANDARD = gnu17;
				GENERATE_INFOPLIST_FILE = YES;
				INFOPLIST_FILE = OTFMagicBoxWatch/Info.plist;
				INFOPLIST_KEY_CFBundleDisplayName = MagicBox;
				INFOPLIST_KEY_NSHealthClinicalHealthRecordsShareUsageDescription = "would like to capture a snap shot of your heart rate for the purpose of using the data in a clinical research study. Please grant this permission to continue participating.";
				INFOPLIST_KEY_NSHealthShareUsageDescription = "would like to capture a snap shot of your heart rate for the purpose of using the data in a clinical research study. Please grant this permission to continue participating.";
				INFOPLIST_KEY_NSHealthUpdateUsageDescription = "would like to capture a snap shot of your heart rate for the purpose of using the data in a clinical research study. Please grant this permission to continue participating.";
				INFOPLIST_KEY_UISupportedInterfaceOrientations = "UIInterfaceOrientationPortrait UIInterfaceOrientationPortraitUpsideDown";
				INFOPLIST_KEY_WKCompanionAppBundleIdentifier = org.theraforge.magicbox.ios;
				LD_RUNPATH_SEARCH_PATHS = (
					"$(inherited)",
					"@executable_path/Frameworks",
				);
				LOCALIZATION_PREFERS_STRING_CATALOGS = YES;
				MARKETING_VERSION = 2.0.0;
				PRODUCT_BUNDLE_IDENTIFIER = org.theraforge.magicbox.ios.watchkit;
				PRODUCT_NAME = "$(TARGET_NAME)";
				PROVISIONING_PROFILE_SPECIFIER = "";
				SDKROOT = watchos;
				SKIP_INSTALL = YES;
				SWIFT_EMIT_LOC_STRINGS = YES;
				SWIFT_VERSION = 5.0;
				TARGETED_DEVICE_FAMILY = 4;
				WATCHOS_DEPLOYMENT_TARGET = 9.0;
			};
			name = Release;
		};
		90C79E4D2B4E9ED00020D20F /* Care */ = {
			isa = XCBuildConfiguration;
			buildSettings = {
				ALWAYS_SEARCH_USER_PATHS = NO;
				ASSETCATALOG_COMPILER_GENERATE_SWIFT_ASSET_SYMBOL_EXTENSIONS = YES;
				CLANG_ANALYZER_NONNULL = YES;
				CLANG_ANALYZER_NUMBER_OBJECT_CONVERSION = YES_AGGRESSIVE;
				CLANG_CXX_LANGUAGE_STANDARD = "gnu++14";
				CLANG_CXX_LIBRARY = "libc++";
				CLANG_ENABLE_MODULES = YES;
				CLANG_ENABLE_OBJC_ARC = YES;
				CLANG_ENABLE_OBJC_WEAK = YES;
				CLANG_WARN_BLOCK_CAPTURE_AUTORELEASING = YES;
				CLANG_WARN_BOOL_CONVERSION = YES;
				CLANG_WARN_COMMA = YES;
				CLANG_WARN_CONSTANT_CONVERSION = YES;
				CLANG_WARN_DEPRECATED_OBJC_IMPLEMENTATIONS = YES;
				CLANG_WARN_DIRECT_OBJC_ISA_USAGE = YES_ERROR;
				CLANG_WARN_DOCUMENTATION_COMMENTS = YES;
				CLANG_WARN_EMPTY_BODY = YES;
				CLANG_WARN_ENUM_CONVERSION = YES;
				CLANG_WARN_INFINITE_RECURSION = YES;
				CLANG_WARN_INT_CONVERSION = YES;
				CLANG_WARN_NON_LITERAL_NULL_CONVERSION = YES;
				CLANG_WARN_OBJC_IMPLICIT_RETAIN_SELF = YES;
				CLANG_WARN_OBJC_LITERAL_CONVERSION = YES;
				CLANG_WARN_OBJC_ROOT_CLASS = YES_ERROR;
				CLANG_WARN_QUOTED_INCLUDE_IN_FRAMEWORK_HEADER = YES;
				CLANG_WARN_RANGE_LOOP_ANALYSIS = YES;
				CLANG_WARN_STRICT_PROTOTYPES = YES;
				CLANG_WARN_SUSPICIOUS_MOVE = YES;
				CLANG_WARN_UNGUARDED_AVAILABILITY = YES_AGGRESSIVE;
				CLANG_WARN_UNREACHABLE_CODE = YES;
				CLANG_WARN__DUPLICATE_METHOD_MATCH = YES;
				COPY_PHASE_STRIP = NO;
				DEBUG_INFORMATION_FORMAT = dwarf;
				ENABLE_STRICT_OBJC_MSGSEND = YES;
				ENABLE_TESTABILITY = YES;
				GCC_C_LANGUAGE_STANDARD = gnu11;
				GCC_DYNAMIC_NO_PIC = NO;
				GCC_NO_COMMON_BLOCKS = YES;
				GCC_OPTIMIZATION_LEVEL = 0;
				GCC_PREPROCESSOR_DEFINITIONS = (
					"DEBUG=1",
					"$(inherited)",
				);
				GCC_WARN_64_TO_32_BIT_CONVERSION = YES;
				GCC_WARN_ABOUT_RETURN_TYPE = YES_ERROR;
				GCC_WARN_UNDECLARED_SELECTOR = YES;
				GCC_WARN_UNINITIALIZED_AUTOS = YES_AGGRESSIVE;
				GCC_WARN_UNUSED_FUNCTION = YES;
				GCC_WARN_UNUSED_VARIABLE = YES;
				IPHONEOS_DEPLOYMENT_TARGET = 14.0;
				MTL_ENABLE_DEBUG_INFO = INCLUDE_SOURCE;
				MTL_FAST_MATH = YES;
				ONLY_ACTIVE_ARCH = YES;
				SDKROOT = iphoneos;
				STRING_CATALOG_GENERATE_SYMBOLS = YES;
				SWIFT_ACTIVE_COMPILATION_CONDITIONS = DEBUG;
				SWIFT_OPTIMIZATION_LEVEL = "-Onone";
			};
			name = Care;
		};
		90C79E4E2B4E9ED00020D20F /* Care */ = {
			isa = XCBuildConfiguration;
			baseConfigurationReference = 4482AFA87C4403ABBF836F19 /* Pods-OTFMagicBox.care.xcconfig */;
			buildSettings = {
				ASSETCATALOG_COMPILER_APPICON_NAME = MagicBox;
				ASSETCATALOG_COMPILER_GLOBAL_ACCENT_COLOR_NAME = AccentColor;
				CODE_SIGN_ENTITLEMENTS = OTFMagicBox/OTFMagicBox.entitlements;
				CODE_SIGN_IDENTITY = "Apple Development";
				CODE_SIGN_STYLE = Automatic;
				CURRENT_PROJECT_VERSION = 4;
				DEVELOPMENT_ASSET_PATHS = "";
				DEVELOPMENT_TEAM = 53UK9NNVG5;
				ENABLE_PREVIEWS = YES;
				EXCLUDED_ARCHS = "";
				INFOPLIST_FILE = OTFMagicBox/Info.plist;
				INFOPLIST_KEY_CFBundleDisplayName = MagicBox;
				IPHONEOS_DEPLOYMENT_TARGET = 16.4;
				LD_RUNPATH_SEARCH_PATHS = (
					"$(inherited)",
					"@executable_path/Frameworks",
				);
				LIBRARY_SEARCH_PATHS = (
					"$(inherited)",
					"\"${PODS_XCFRAMEWORKS_BUILD_DIR}/Sodium\"",
					"\"${TOOLCHAIN_DIR}/usr/lib/swift/${PLATFORM_NAME}\"",
					/usr/lib/swift,
				);
				MARKETING_VERSION = 2.0.0;
				OTHER_SWIFT_FLAGS = "$(inherited) -D COCOAPODS -DSTATICUI";
				PRODUCT_BUNDLE_IDENTIFIER = org.theraforge.magicbox.ios;
				PRODUCT_NAME = "$(TARGET_NAME)";
				PROVISIONING_PROFILE_SPECIFIER = "";
				SWIFT_VERSION = 5.0;
				TARGETED_DEVICE_FAMILY = "1,2";
			};
			name = Care;
		};
		90C79E4F2B4E9ED00020D20F /* Care */ = {
			isa = XCBuildConfiguration;
			buildSettings = {
				BUNDLE_LOADER = "$(TEST_HOST)";
				CODE_SIGN_STYLE = Automatic;
				DEVELOPMENT_TEAM = 53UK9NNVG5;
				INFOPLIST_FILE = OTFMagicBoxTests/Info.plist;
				IPHONEOS_DEPLOYMENT_TARGET = 16.4;
				LD_RUNPATH_SEARCH_PATHS = (
					"$(inherited)",
					"@executable_path/Frameworks",
					"@loader_path/Frameworks",
				);
				PRODUCT_BUNDLE_IDENTIFIER = MyCompany.OTFMagicBoxTests;
				PRODUCT_NAME = "$(TARGET_NAME)";
				SWIFT_VERSION = 5.0;
				TARGETED_DEVICE_FAMILY = "1,2";
				TEST_HOST = "$(BUILT_PRODUCTS_DIR)/OTFMagicBox.app/OTFMagicBox";
			};
			name = Care;
		};
		90C79E502B4E9ED00020D20F /* Care */ = {
			isa = XCBuildConfiguration;
			baseConfigurationReference = 35FAC6B92A9E1E23A15862CA /* Pods-OTFMagicBoxWatch.care.xcconfig */;
			buildSettings = {
				ASSETCATALOG_COMPILER_APPICON_NAME = MagicBox;
				ASSETCATALOG_COMPILER_GENERATE_SWIFT_ASSET_SYMBOL_EXTENSIONS = YES;
				ASSETCATALOG_COMPILER_GLOBAL_ACCENT_COLOR_NAME = AccentColor;
				ASSETCATALOG_COMPILER_INCLUDE_ALL_APPICON_ASSETS = NO;
				CLANG_CXX_LANGUAGE_STANDARD = "gnu++20";
				CODE_SIGN_ENTITLEMENTS = OTFMagicBoxWatch/OTFMagicBoxWatch.entitlements;
				CODE_SIGN_IDENTITY = "Apple Development";
				CODE_SIGN_STYLE = Automatic;
				CURRENT_PROJECT_VERSION = 4;
				DEVELOPMENT_ASSET_PATHS = "";
				DEVELOPMENT_TEAM = 53UK9NNVG5;
				ENABLE_PREVIEWS = YES;
				ENABLE_USER_SCRIPT_SANDBOXING = NO;
				GCC_C_LANGUAGE_STANDARD = gnu17;
				GENERATE_INFOPLIST_FILE = YES;
				INFOPLIST_FILE = OTFMagicBoxWatch/Info.plist;
				INFOPLIST_KEY_CFBundleDisplayName = MagicBox;
				INFOPLIST_KEY_NSHealthClinicalHealthRecordsShareUsageDescription = "would like to capture a snap shot of your heart rate for the purpose of using the data in a clinical research study. Please grant this permission to continue participating.";
				INFOPLIST_KEY_NSHealthShareUsageDescription = "would like to capture a snap shot of your heart rate for the purpose of using the data in a clinical research study. Please grant this permission to continue participating.";
				INFOPLIST_KEY_NSHealthUpdateUsageDescription = "would like to capture a snap shot of your heart rate for the purpose of using the data in a clinical research study. Please grant this permission to continue participating.";
				INFOPLIST_KEY_UISupportedInterfaceOrientations = "UIInterfaceOrientationPortrait UIInterfaceOrientationPortraitUpsideDown";
				INFOPLIST_KEY_WKCompanionAppBundleIdentifier = org.theraforge.magicbox.ios;
				LD_RUNPATH_SEARCH_PATHS = (
					"$(inherited)",
					"@executable_path/Frameworks",
				);
				LOCALIZATION_PREFERS_STRING_CATALOGS = YES;
				MARKETING_VERSION = 2.0.0;
				PRODUCT_BUNDLE_IDENTIFIER = org.theraforge.magicbox.ios.watchkit;
				PRODUCT_NAME = "$(TARGET_NAME)";
				PROVISIONING_PROFILE_SPECIFIER = "";
				SDKROOT = watchos;
				SKIP_INSTALL = YES;
				SWIFT_ACTIVE_COMPILATION_CONDITIONS = "DEBUG $(inherited)";
				SWIFT_EMIT_LOC_STRINGS = YES;
				SWIFT_VERSION = 5.0;
				TARGETED_DEVICE_FAMILY = 4;
				WATCHOS_DEPLOYMENT_TARGET = 9.0;
			};
			name = Care;
		};
		90C79E512B4E9F070020D20F /* CareHealth */ = {
			isa = XCBuildConfiguration;
			buildSettings = {
				ALWAYS_SEARCH_USER_PATHS = NO;
				ASSETCATALOG_COMPILER_GENERATE_SWIFT_ASSET_SYMBOL_EXTENSIONS = YES;
				CLANG_ANALYZER_NONNULL = YES;
				CLANG_ANALYZER_NUMBER_OBJECT_CONVERSION = YES_AGGRESSIVE;
				CLANG_CXX_LANGUAGE_STANDARD = "gnu++14";
				CLANG_CXX_LIBRARY = "libc++";
				CLANG_ENABLE_MODULES = YES;
				CLANG_ENABLE_OBJC_ARC = YES;
				CLANG_ENABLE_OBJC_WEAK = YES;
				CLANG_WARN_BLOCK_CAPTURE_AUTORELEASING = YES;
				CLANG_WARN_BOOL_CONVERSION = YES;
				CLANG_WARN_COMMA = YES;
				CLANG_WARN_CONSTANT_CONVERSION = YES;
				CLANG_WARN_DEPRECATED_OBJC_IMPLEMENTATIONS = YES;
				CLANG_WARN_DIRECT_OBJC_ISA_USAGE = YES_ERROR;
				CLANG_WARN_DOCUMENTATION_COMMENTS = YES;
				CLANG_WARN_EMPTY_BODY = YES;
				CLANG_WARN_ENUM_CONVERSION = YES;
				CLANG_WARN_INFINITE_RECURSION = YES;
				CLANG_WARN_INT_CONVERSION = YES;
				CLANG_WARN_NON_LITERAL_NULL_CONVERSION = YES;
				CLANG_WARN_OBJC_IMPLICIT_RETAIN_SELF = YES;
				CLANG_WARN_OBJC_LITERAL_CONVERSION = YES;
				CLANG_WARN_OBJC_ROOT_CLASS = YES_ERROR;
				CLANG_WARN_QUOTED_INCLUDE_IN_FRAMEWORK_HEADER = YES;
				CLANG_WARN_RANGE_LOOP_ANALYSIS = YES;
				CLANG_WARN_STRICT_PROTOTYPES = YES;
				CLANG_WARN_SUSPICIOUS_MOVE = YES;
				CLANG_WARN_UNGUARDED_AVAILABILITY = YES_AGGRESSIVE;
				CLANG_WARN_UNREACHABLE_CODE = YES;
				CLANG_WARN__DUPLICATE_METHOD_MATCH = YES;
				COPY_PHASE_STRIP = NO;
				DEBUG_INFORMATION_FORMAT = dwarf;
				ENABLE_STRICT_OBJC_MSGSEND = YES;
				ENABLE_TESTABILITY = YES;
				GCC_C_LANGUAGE_STANDARD = gnu11;
				GCC_DYNAMIC_NO_PIC = NO;
				GCC_NO_COMMON_BLOCKS = YES;
				GCC_OPTIMIZATION_LEVEL = 0;
				GCC_PREPROCESSOR_DEFINITIONS = (
					"DEBUG=1",
					"$(inherited)",
				);
				GCC_WARN_64_TO_32_BIT_CONVERSION = YES;
				GCC_WARN_ABOUT_RETURN_TYPE = YES_ERROR;
				GCC_WARN_UNDECLARED_SELECTOR = YES;
				GCC_WARN_UNINITIALIZED_AUTOS = YES_AGGRESSIVE;
				GCC_WARN_UNUSED_FUNCTION = YES;
				GCC_WARN_UNUSED_VARIABLE = YES;
				IPHONEOS_DEPLOYMENT_TARGET = 14.0;
				MTL_ENABLE_DEBUG_INFO = INCLUDE_SOURCE;
				MTL_FAST_MATH = YES;
				ONLY_ACTIVE_ARCH = YES;
				SDKROOT = iphoneos;
				STRING_CATALOG_GENERATE_SYMBOLS = YES;
				SWIFT_ACTIVE_COMPILATION_CONDITIONS = DEBUG;
				SWIFT_OPTIMIZATION_LEVEL = "-Onone";
			};
			name = CareHealth;
		};
		90C79E522B4E9F070020D20F /* CareHealth */ = {
			isa = XCBuildConfiguration;
			baseConfigurationReference = 01F69839E965FD3F90DFD35D /* Pods-OTFMagicBox.carehealth.xcconfig */;
			buildSettings = {
				ASSETCATALOG_COMPILER_APPICON_NAME = MagicBox;
				ASSETCATALOG_COMPILER_GLOBAL_ACCENT_COLOR_NAME = AccentColor;
				CODE_SIGN_ENTITLEMENTS = OTFMagicBox/OTFMagicBox.entitlements;
				CODE_SIGN_IDENTITY = "Apple Development";
				CODE_SIGN_STYLE = Automatic;
				CURRENT_PROJECT_VERSION = 4;
				DEVELOPMENT_ASSET_PATHS = "";
				DEVELOPMENT_TEAM = 53UK9NNVG5;
				ENABLE_PREVIEWS = YES;
				EXCLUDED_ARCHS = "";
				INFOPLIST_FILE = OTFMagicBox/Info.plist;
				INFOPLIST_KEY_CFBundleDisplayName = MagicBox;
				IPHONEOS_DEPLOYMENT_TARGET = 16.4;
				LD_RUNPATH_SEARCH_PATHS = (
					"$(inherited)",
					"@executable_path/Frameworks",
				);
				LIBRARY_SEARCH_PATHS = (
					"$(inherited)",
					"\"${PODS_XCFRAMEWORKS_BUILD_DIR}/Sodium\"",
					"\"${TOOLCHAIN_DIR}/usr/lib/swift/${PLATFORM_NAME}\"",
					/usr/lib/swift,
				);
				MARKETING_VERSION = 2.0.0;
				OTHER_SWIFT_FLAGS = "$(inherited) -D COCOAPODS -DSTATICUI";
				PRODUCT_BUNDLE_IDENTIFIER = org.theraforge.magicbox.ios;
				PRODUCT_NAME = "$(TARGET_NAME)";
				PROVISIONING_PROFILE_SPECIFIER = "";
				SWIFT_VERSION = 5.0;
				TARGETED_DEVICE_FAMILY = "1,2";
			};
			name = CareHealth;
		};
		90C79E532B4E9F070020D20F /* CareHealth */ = {
			isa = XCBuildConfiguration;
			buildSettings = {
				BUNDLE_LOADER = "$(TEST_HOST)";
				CODE_SIGN_STYLE = Automatic;
				DEVELOPMENT_TEAM = 53UK9NNVG5;
				INFOPLIST_FILE = OTFMagicBoxTests/Info.plist;
				IPHONEOS_DEPLOYMENT_TARGET = 16.4;
				LD_RUNPATH_SEARCH_PATHS = (
					"$(inherited)",
					"@executable_path/Frameworks",
					"@loader_path/Frameworks",
				);
				PRODUCT_BUNDLE_IDENTIFIER = MyCompany.OTFMagicBoxTests;
				PRODUCT_NAME = "$(TARGET_NAME)";
				SWIFT_VERSION = 5.0;
				TARGETED_DEVICE_FAMILY = "1,2";
				TEST_HOST = "$(BUILT_PRODUCTS_DIR)/OTFMagicBox.app/OTFMagicBox";
			};
			name = CareHealth;
		};
		90C79E542B4E9F070020D20F /* CareHealth */ = {
			isa = XCBuildConfiguration;
			baseConfigurationReference = ACBC985F3A507F502B53610A /* Pods-OTFMagicBoxWatch.carehealth.xcconfig */;
			buildSettings = {
				ASSETCATALOG_COMPILER_APPICON_NAME = MagicBox;
				ASSETCATALOG_COMPILER_GENERATE_SWIFT_ASSET_SYMBOL_EXTENSIONS = YES;
				ASSETCATALOG_COMPILER_GLOBAL_ACCENT_COLOR_NAME = AccentColor;
				ASSETCATALOG_COMPILER_INCLUDE_ALL_APPICON_ASSETS = NO;
				CLANG_CXX_LANGUAGE_STANDARD = "gnu++20";
				CODE_SIGN_ENTITLEMENTS = OTFMagicBoxWatch/OTFMagicBoxWatch.entitlements;
				CODE_SIGN_IDENTITY = "Apple Development";
				CODE_SIGN_STYLE = Automatic;
				CURRENT_PROJECT_VERSION = 4;
				DEVELOPMENT_ASSET_PATHS = "";
				DEVELOPMENT_TEAM = 53UK9NNVG5;
				ENABLE_PREVIEWS = YES;
				ENABLE_USER_SCRIPT_SANDBOXING = NO;
				GCC_C_LANGUAGE_STANDARD = gnu17;
				GENERATE_INFOPLIST_FILE = YES;
				INFOPLIST_FILE = OTFMagicBoxWatch/Info.plist;
				INFOPLIST_KEY_CFBundleDisplayName = MagicBox;
				INFOPLIST_KEY_NSHealthClinicalHealthRecordsShareUsageDescription = "would like to capture a snap shot of your heart rate for the purpose of using the data in a clinical research study. Please grant this permission to continue participating.";
				INFOPLIST_KEY_NSHealthShareUsageDescription = "would like to capture a snap shot of your heart rate for the purpose of using the data in a clinical research study. Please grant this permission to continue participating.";
				INFOPLIST_KEY_NSHealthUpdateUsageDescription = "would like to capture a snap shot of your heart rate for the purpose of using the data in a clinical research study. Please grant this permission to continue participating.";
				INFOPLIST_KEY_UISupportedInterfaceOrientations = "UIInterfaceOrientationPortrait UIInterfaceOrientationPortraitUpsideDown";
				INFOPLIST_KEY_WKCompanionAppBundleIdentifier = org.theraforge.magicbox.ios;
				LD_RUNPATH_SEARCH_PATHS = (
					"$(inherited)",
					"@executable_path/Frameworks",
				);
				LOCALIZATION_PREFERS_STRING_CATALOGS = YES;
				MARKETING_VERSION = 2.0.0;
				PRODUCT_BUNDLE_IDENTIFIER = org.theraforge.magicbox.ios.watchkit;
				PRODUCT_NAME = "$(TARGET_NAME)";
				PROVISIONING_PROFILE_SPECIFIER = "";
				SDKROOT = watchos;
				SKIP_INSTALL = YES;
				SWIFT_ACTIVE_COMPILATION_CONDITIONS = "DEBUG $(inherited)";
				SWIFT_EMIT_LOC_STRINGS = YES;
				SWIFT_VERSION = 5.0;
				TARGETED_DEVICE_FAMILY = 4;
				WATCHOS_DEPLOYMENT_TARGET = 9.0;
			};
			name = CareHealth;
		};
		CE482D05262C954C00C0A2D5 /* Debug */ = {
			isa = XCBuildConfiguration;
			buildSettings = {
				ALWAYS_SEARCH_USER_PATHS = NO;
				ASSETCATALOG_COMPILER_GENERATE_SWIFT_ASSET_SYMBOL_EXTENSIONS = YES;
				CLANG_ANALYZER_NONNULL = YES;
				CLANG_ANALYZER_NUMBER_OBJECT_CONVERSION = YES_AGGRESSIVE;
				CLANG_CXX_LANGUAGE_STANDARD = "gnu++14";
				CLANG_CXX_LIBRARY = "libc++";
				CLANG_ENABLE_MODULES = YES;
				CLANG_ENABLE_OBJC_ARC = YES;
				CLANG_ENABLE_OBJC_WEAK = YES;
				CLANG_WARN_BLOCK_CAPTURE_AUTORELEASING = YES;
				CLANG_WARN_BOOL_CONVERSION = YES;
				CLANG_WARN_COMMA = YES;
				CLANG_WARN_CONSTANT_CONVERSION = YES;
				CLANG_WARN_DEPRECATED_OBJC_IMPLEMENTATIONS = YES;
				CLANG_WARN_DIRECT_OBJC_ISA_USAGE = YES_ERROR;
				CLANG_WARN_DOCUMENTATION_COMMENTS = YES;
				CLANG_WARN_EMPTY_BODY = YES;
				CLANG_WARN_ENUM_CONVERSION = YES;
				CLANG_WARN_INFINITE_RECURSION = YES;
				CLANG_WARN_INT_CONVERSION = YES;
				CLANG_WARN_NON_LITERAL_NULL_CONVERSION = YES;
				CLANG_WARN_OBJC_IMPLICIT_RETAIN_SELF = YES;
				CLANG_WARN_OBJC_LITERAL_CONVERSION = YES;
				CLANG_WARN_OBJC_ROOT_CLASS = YES_ERROR;
				CLANG_WARN_QUOTED_INCLUDE_IN_FRAMEWORK_HEADER = YES;
				CLANG_WARN_RANGE_LOOP_ANALYSIS = YES;
				CLANG_WARN_STRICT_PROTOTYPES = YES;
				CLANG_WARN_SUSPICIOUS_MOVE = YES;
				CLANG_WARN_UNGUARDED_AVAILABILITY = YES_AGGRESSIVE;
				CLANG_WARN_UNREACHABLE_CODE = YES;
				CLANG_WARN__DUPLICATE_METHOD_MATCH = YES;
				COPY_PHASE_STRIP = NO;
				DEBUG_INFORMATION_FORMAT = dwarf;
				ENABLE_STRICT_OBJC_MSGSEND = YES;
				ENABLE_TESTABILITY = YES;
				GCC_C_LANGUAGE_STANDARD = gnu11;
				GCC_DYNAMIC_NO_PIC = NO;
				GCC_NO_COMMON_BLOCKS = YES;
				GCC_OPTIMIZATION_LEVEL = 0;
				GCC_PREPROCESSOR_DEFINITIONS = (
					"DEBUG=1",
					"$(inherited)",
				);
				GCC_WARN_64_TO_32_BIT_CONVERSION = YES;
				GCC_WARN_ABOUT_RETURN_TYPE = YES_ERROR;
				GCC_WARN_UNDECLARED_SELECTOR = YES;
				GCC_WARN_UNINITIALIZED_AUTOS = YES_AGGRESSIVE;
				GCC_WARN_UNUSED_FUNCTION = YES;
				GCC_WARN_UNUSED_VARIABLE = YES;
				IPHONEOS_DEPLOYMENT_TARGET = 14.0;
				MTL_ENABLE_DEBUG_INFO = INCLUDE_SOURCE;
				MTL_FAST_MATH = YES;
				ONLY_ACTIVE_ARCH = YES;
				SDKROOT = iphoneos;
				STRING_CATALOG_GENERATE_SYMBOLS = YES;
				SWIFT_ACTIVE_COMPILATION_CONDITIONS = DEBUG;
				SWIFT_OPTIMIZATION_LEVEL = "-Onone";
			};
			name = Debug;
		};
		CE482D06262C954C00C0A2D5 /* Release */ = {
			isa = XCBuildConfiguration;
			buildSettings = {
				ALWAYS_SEARCH_USER_PATHS = NO;
				ASSETCATALOG_COMPILER_GENERATE_SWIFT_ASSET_SYMBOL_EXTENSIONS = YES;
				CLANG_ANALYZER_NONNULL = YES;
				CLANG_ANALYZER_NUMBER_OBJECT_CONVERSION = YES_AGGRESSIVE;
				CLANG_CXX_LANGUAGE_STANDARD = "gnu++14";
				CLANG_CXX_LIBRARY = "libc++";
				CLANG_ENABLE_MODULES = YES;
				CLANG_ENABLE_OBJC_ARC = YES;
				CLANG_ENABLE_OBJC_WEAK = YES;
				CLANG_WARN_BLOCK_CAPTURE_AUTORELEASING = YES;
				CLANG_WARN_BOOL_CONVERSION = YES;
				CLANG_WARN_COMMA = YES;
				CLANG_WARN_CONSTANT_CONVERSION = YES;
				CLANG_WARN_DEPRECATED_OBJC_IMPLEMENTATIONS = YES;
				CLANG_WARN_DIRECT_OBJC_ISA_USAGE = YES_ERROR;
				CLANG_WARN_DOCUMENTATION_COMMENTS = YES;
				CLANG_WARN_EMPTY_BODY = YES;
				CLANG_WARN_ENUM_CONVERSION = YES;
				CLANG_WARN_INFINITE_RECURSION = YES;
				CLANG_WARN_INT_CONVERSION = YES;
				CLANG_WARN_NON_LITERAL_NULL_CONVERSION = YES;
				CLANG_WARN_OBJC_IMPLICIT_RETAIN_SELF = YES;
				CLANG_WARN_OBJC_LITERAL_CONVERSION = YES;
				CLANG_WARN_OBJC_ROOT_CLASS = YES_ERROR;
				CLANG_WARN_QUOTED_INCLUDE_IN_FRAMEWORK_HEADER = YES;
				CLANG_WARN_RANGE_LOOP_ANALYSIS = YES;
				CLANG_WARN_STRICT_PROTOTYPES = YES;
				CLANG_WARN_SUSPICIOUS_MOVE = YES;
				CLANG_WARN_UNGUARDED_AVAILABILITY = YES_AGGRESSIVE;
				CLANG_WARN_UNREACHABLE_CODE = YES;
				CLANG_WARN__DUPLICATE_METHOD_MATCH = YES;
				COPY_PHASE_STRIP = NO;
				DEBUG_INFORMATION_FORMAT = "dwarf-with-dsym";
				ENABLE_NS_ASSERTIONS = NO;
				ENABLE_STRICT_OBJC_MSGSEND = YES;
				GCC_C_LANGUAGE_STANDARD = gnu11;
				GCC_NO_COMMON_BLOCKS = YES;
				GCC_WARN_64_TO_32_BIT_CONVERSION = YES;
				GCC_WARN_ABOUT_RETURN_TYPE = YES_ERROR;
				GCC_WARN_UNDECLARED_SELECTOR = YES;
				GCC_WARN_UNINITIALIZED_AUTOS = YES_AGGRESSIVE;
				GCC_WARN_UNUSED_FUNCTION = YES;
				GCC_WARN_UNUSED_VARIABLE = YES;
				IPHONEOS_DEPLOYMENT_TARGET = 14.0;
				MTL_ENABLE_DEBUG_INFO = NO;
				MTL_FAST_MATH = YES;
				SDKROOT = iphoneos;
				STRING_CATALOG_GENERATE_SYMBOLS = YES;
				SWIFT_COMPILATION_MODE = wholemodule;
				SWIFT_OPTIMIZATION_LEVEL = "-O";
				VALIDATE_PRODUCT = YES;
			};
			name = Release;
		};
		CE482D08262C954C00C0A2D5 /* Debug */ = {
			isa = XCBuildConfiguration;
			baseConfigurationReference = A14C9E782B63A3E5E3ABFB46 /* Pods-OTFMagicBox.debug.xcconfig */;
			buildSettings = {
				ASSETCATALOG_COMPILER_APPICON_NAME = MagicBox;
				ASSETCATALOG_COMPILER_GLOBAL_ACCENT_COLOR_NAME = AccentColor;
				CODE_SIGN_ENTITLEMENTS = OTFMagicBox/OTFMagicBox.entitlements;
				CODE_SIGN_IDENTITY = "Apple Development";
				CODE_SIGN_STYLE = Automatic;
				CURRENT_PROJECT_VERSION = 4;
				DEVELOPMENT_ASSET_PATHS = "";
				DEVELOPMENT_TEAM = 53UK9NNVG5;
				ENABLE_PREVIEWS = YES;
				EXCLUDED_ARCHS = "";
				INFOPLIST_FILE = OTFMagicBox/Info.plist;
				INFOPLIST_KEY_CFBundleDisplayName = MagicBox;
				IPHONEOS_DEPLOYMENT_TARGET = 16.4;
				LD_RUNPATH_SEARCH_PATHS = (
					"$(inherited)",
					"@executable_path/Frameworks",
				);
				LIBRARY_SEARCH_PATHS = (
					"$(inherited)",
					"\"${PODS_XCFRAMEWORKS_BUILD_DIR}/Sodium\"",
					"\"${TOOLCHAIN_DIR}/usr/lib/swift/${PLATFORM_NAME}\"",
					/usr/lib/swift,
				);
				MARKETING_VERSION = 2.0.0;
				OTHER_SWIFT_FLAGS = "$(inherited) -D COCOAPODS -DSTATICUI";
				PRODUCT_BUNDLE_IDENTIFIER = org.theraforge.magicbox.ios;
				PRODUCT_NAME = "$(TARGET_NAME)";
				PROVISIONING_PROFILE_SPECIFIER = "";
				SWIFT_VERSION = 5.0;
				TARGETED_DEVICE_FAMILY = "1,2";
			};
			name = Debug;
		};
		CE482D09262C954C00C0A2D5 /* Release */ = {
			isa = XCBuildConfiguration;
			baseConfigurationReference = 279A4E133454E00700BF86BF /* Pods-OTFMagicBox.release.xcconfig */;
			buildSettings = {
				ASSETCATALOG_COMPILER_APPICON_NAME = MagicBox;
				ASSETCATALOG_COMPILER_GLOBAL_ACCENT_COLOR_NAME = AccentColor;
				CODE_SIGN_ENTITLEMENTS = OTFMagicBox/OTFMagicBox.entitlements;
				CODE_SIGN_IDENTITY = "Apple Development";
				CODE_SIGN_STYLE = Automatic;
				CURRENT_PROJECT_VERSION = 4;
				DEVELOPMENT_ASSET_PATHS = "";
				DEVELOPMENT_TEAM = 53UK9NNVG5;
				ENABLE_PREVIEWS = YES;
				INFOPLIST_FILE = OTFMagicBox/Info.plist;
				INFOPLIST_KEY_CFBundleDisplayName = MagicBox;
				IPHONEOS_DEPLOYMENT_TARGET = 16.4;
				LD_RUNPATH_SEARCH_PATHS = (
					"$(inherited)",
					"@executable_path/Frameworks",
				);
				LIBRARY_SEARCH_PATHS = (
					"$(inherited)",
					"\"${PODS_XCFRAMEWORKS_BUILD_DIR}/Sodium\"",
					"\"${TOOLCHAIN_DIR}/usr/lib/swift/${PLATFORM_NAME}\"",
					/usr/lib/swift,
				);
				MARKETING_VERSION = 2.0.0;
				OTHER_SWIFT_FLAGS = "$(inherited) -D COCOAPODS -DSTATICUI";
				PRODUCT_BUNDLE_IDENTIFIER = org.theraforge.magicbox.ios;
				PRODUCT_NAME = "$(TARGET_NAME)";
				PROVISIONING_PROFILE_SPECIFIER = "";
				SWIFT_VERSION = 5.0;
				TARGETED_DEVICE_FAMILY = "1,2";
			};
			name = Release;
		};
/* End XCBuildConfiguration section */

/* Begin XCConfigurationList section */
		5A7B6DB226FD282C00F872A1 /* Build configuration list for PBXNativeTarget "OTFMagicBoxTests" */ = {
			isa = XCConfigurationList;
			buildConfigurations = (
				5A7B6DB026FD282C00F872A1 /* Debug */,
				90C79E532B4E9F070020D20F /* CareHealth */,
				90C79E4F2B4E9ED00020D20F /* Care */,
				5A7B6DB126FD282C00F872A1 /* Release */,
			);
			defaultConfigurationIsVisible = 0;
			defaultConfigurationName = Release;
		};
		84F43F5D2B4D6A4C009DFFF8 /* Build configuration list for PBXNativeTarget "OTFMagicBoxWatch" */ = {
			isa = XCConfigurationList;
			buildConfigurations = (
				84F43F5B2B4D6A4C009DFFF8 /* Debug */,
				90C79E542B4E9F070020D20F /* CareHealth */,
				90C79E502B4E9ED00020D20F /* Care */,
				84F43F5C2B4D6A4C009DFFF8 /* Release */,
			);
			defaultConfigurationIsVisible = 0;
			defaultConfigurationName = Release;
		};
		CE482CEE262C954A00C0A2D5 /* Build configuration list for PBXProject "OTFMagicBox" */ = {
			isa = XCConfigurationList;
			buildConfigurations = (
				CE482D05262C954C00C0A2D5 /* Debug */,
				90C79E512B4E9F070020D20F /* CareHealth */,
				90C79E4D2B4E9ED00020D20F /* Care */,
				CE482D06262C954C00C0A2D5 /* Release */,
			);
			defaultConfigurationIsVisible = 0;
			defaultConfigurationName = Release;
		};
		CE482D07262C954C00C0A2D5 /* Build configuration list for PBXNativeTarget "OTFMagicBox" */ = {
			isa = XCConfigurationList;
			buildConfigurations = (
				CE482D08262C954C00C0A2D5 /* Debug */,
				90C79E522B4E9F070020D20F /* CareHealth */,
				90C79E4E2B4E9ED00020D20F /* Care */,
				CE482D09262C954C00C0A2D5 /* Release */,
			);
			defaultConfigurationIsVisible = 0;
			defaultConfigurationName = Release;
		};
/* End XCConfigurationList section */

/* Begin XCLocalSwiftPackageReference section */
		4E06B5512E84935B009F4FFE /* XCLocalSwiftPackageReference "RawRepresentableMacro" */ = {
			isa = XCLocalSwiftPackageReference;
			relativePath = RawRepresentableMacro;
		};
		4E8BE2A32E89DC8B00A7D6C5 /* XCLocalSwiftPackageReference "RawGenerableMacro" */ = {
			isa = XCLocalSwiftPackageReference;
			relativePath = RawGenerableMacro;
		};
/* End XCLocalSwiftPackageReference section */

/* Begin XCSwiftPackageProductDependency section */
		4E8BE2A42E89DC8B00A7D6C5 /* RawModel */ = {
			isa = XCSwiftPackageProductDependency;
			productName = RawModel;
		};
		4EE7A0A22E89D35A00B9DED2 /* RawModel */ = {
			isa = XCSwiftPackageProductDependency;
			package = 4E06B5512E84935B009F4FFE /* XCLocalSwiftPackageReference "RawRepresentableMacro" */;
			productName = RawModel;
		};
/* End XCSwiftPackageProductDependency section */
	};
	rootObject = CE482CEB262C954A00C0A2D5 /* Project object */;
}
