// !$*UTF8*$!
{
	archiveVersion = 1;
	classes = {
	};
	objectVersion = 51;
	objects = {

/* Begin PBXBuildFile section */
		376B473E6B1320B510CDE27A /* Pods_OTFMagicBox.framework in Frameworks */ = {isa = PBXBuildFile; fileRef = 85BEAE3D6B4CD3A1DBBD6B74 /* Pods_OTFMagicBox.framework */; };
		5A41D023266A9106007CCEB4 /* MainView.swift in Sources */ = {isa = PBXBuildFile; fileRef = 5A41D022266A9106007CCEB4 /* MainView.swift */; };
		5A41D034266A91CB007CCEB4 /* TasksUIView.swift in Sources */ = {isa = PBXBuildFile; fileRef = 5A41D033266A91CB007CCEB4 /* TasksUIView.swift */; };
		5A41D037266A955C007CCEB4 /* TaskItem.swift in Sources */ = {isa = PBXBuildFile; fileRef = 5A41D036266A955C007CCEB4 /* TaskItem.swift */; };
		5A41D03A266A9D08007CCEB4 /* TaskViewController.swift in Sources */ = {isa = PBXBuildFile; fileRef = 5A41D039266A9D08007CCEB4 /* TaskViewController.swift */; };
		5A41D03D266AA305007CCEB4 /* TaskSamples.swift in Sources */ = {isa = PBXBuildFile; fileRef = 5A41D03C266AA305007CCEB4 /* TaskSamples.swift */; };
		5A41D040266AA517007CCEB4 /* TaskItemView.swift in Sources */ = {isa = PBXBuildFile; fileRef = 5A41D03F266AA517007CCEB4 /* TaskItemView.swift */; };
		5A41E8A8267A5FCC007CCEB4 /* HealthDataStep.swift in Sources */ = {isa = PBXBuildFile; fileRef = 5A41E8A7267A5FCC007CCEB4 /* HealthDataStep.swift */; };
		5A49627026D4A2EA00A4B4DF /* DataModel.swift in Sources */ = {isa = PBXBuildFile; fileRef = 5A49626E26D4A2EA00A4B4DF /* DataModel.swift */; };
		5A49627126D4A2EA00A4B4DF /* YmlReader.swift in Sources */ = {isa = PBXBuildFile; fileRef = 5A49626F26D4A2EA00A4B4DF /* YmlReader.swift */; };
		5A49627826DD5A8D00A4B4DF /* WithdrawalViewController.swift in Sources */ = {isa = PBXBuildFile; fileRef = 5A49627726DD5A8D00A4B4DF /* WithdrawalViewController.swift */; };
		5A49627A26DE69AE00A4B4DF /* OTFHealthKitManager.swift in Sources */ = {isa = PBXBuildFile; fileRef = 5A49627926DE69AE00A4B4DF /* OTFHealthKitManager.swift */; };
		5A49627C26DE6A2E00A4B4DF /* ActivityManager.swift in Sources */ = {isa = PBXBuildFile; fileRef = 5A49627B26DE6A2E00A4B4DF /* ActivityManager.swift */; };
		5A49627E26DEA59F00A4B4DF /* HealthKitManager.swift in Sources */ = {isa = PBXBuildFile; fileRef = 5A49627D26DEA59F00A4B4DF /* HealthKitManager.swift */; };
		5A49628026DF3EC900A4B4DF /* OTFLog.swift in Sources */ = {isa = PBXBuildFile; fileRef = 5A49627F26DF3EC900A4B4DF /* OTFLog.swift */; };
		5A49628526DF73B700A4B4DF /* HealthKit.framework in Frameworks */ = {isa = PBXBuildFile; fileRef = 5A49628426DF73B700A4B4DF /* HealthKit.framework */; };
		5A49628726DFEEBC00A4B4DF /* PasswordlessLoginStep.swift in Sources */ = {isa = PBXBuildFile; fileRef = 5A49628626DFEEBC00A4B4DF /* PasswordlessLoginStep.swift */; };
		5A49628D26E1BD5D00A4B4DF /* UIColor.swift in Sources */ = {isa = PBXBuildFile; fileRef = 5A49628C26E1BD5C00A4B4DF /* UIColor.swift */; };
		5A49628F26E206D200A4B4DF /* HealthRecordManager.swift in Sources */ = {isa = PBXBuildFile; fileRef = 5A49628E26E206D200A4B4DF /* HealthRecordManager.swift */; };
		5A49632426EB257200A4B4DF /* Extension+UIImage.swift in Sources */ = {isa = PBXBuildFile; fileRef = 5A49632326EB257200A4B4DF /* Extension+UIImage.swift */; };
		5A49632626EB5D8F00A4B4DF /* Extension+String.swift in Sources */ = {isa = PBXBuildFile; fileRef = 5A49632526EB5D8F00A4B4DF /* Extension+String.swift */; };
		5A49632826EB5DDD00A4B4DF /* Extension+Character.swift in Sources */ = {isa = PBXBuildFile; fileRef = 5A49632726EB5DDD00A4B4DF /* Extension+Character.swift */; };
		5A7B6D7F26F0A1FF00F872A1 /* LoginCustomWaitStep.swift in Sources */ = {isa = PBXBuildFile; fileRef = 5A7B6D7E26F0A1FF00F872A1 /* LoginCustomWaitStep.swift */; };
		5AADFD3A264E86950069FEF7 /* OnboardingItemView.swift in Sources */ = {isa = PBXBuildFile; fileRef = 5AADFD37264E86950069FEF7 /* OnboardingItemView.swift */; };
		5AADFD3B264E86950069FEF7 /* OnboardingView.swift in Sources */ = {isa = PBXBuildFile; fileRef = 5AADFD38264E86950069FEF7 /* OnboardingView.swift */; };
		5AADFD47264E89510069FEF7 /* ConsentDocument.swift in Sources */ = {isa = PBXBuildFile; fileRef = 5AADFD46264E89510069FEF7 /* ConsentDocument.swift */; };
		5AADFD4A264E92690069FEF7 /* ActivitiesViewController.swift in Sources */ = {isa = PBXBuildFile; fileRef = 5AADFD49264E92690069FEF7 /* ActivitiesViewController.swift */; };
		5AADFD4D264E98950069FEF7 /* OnboardingViewCoordinator.swift in Sources */ = {isa = PBXBuildFile; fileRef = 5AADFD4C264E98950069FEF7 /* OnboardingViewCoordinator.swift */; };
		5AADFD50264E9A880069FEF7 /* Constants.swift in Sources */ = {isa = PBXBuildFile; fileRef = 5AADFD4F264E9A880069FEF7 /* Constants.swift */; };
		5AADFD77264FE8EE0069FEF7 /* LaunchView.swift in Sources */ = {isa = PBXBuildFile; fileRef = 5AADFD76264FE8EE0069FEF7 /* LaunchView.swift */; };
		5AB1806626B88051007AF766 /* ScheduleViewControllerRepresentable.swift in Sources */ = {isa = PBXBuildFile; fileRef = 5AB1806526B88051007AF766 /* ScheduleViewControllerRepresentable.swift */; };
		5AB1806826B882E9007AF766 /* ContactsViewController.swift in Sources */ = {isa = PBXBuildFile; fileRef = 5AB1806726B882E9007AF766 /* ContactsViewController.swift */; };
		5AB1806C26B8846B007AF766 /* TipView.swift in Sources */ = {isa = PBXBuildFile; fileRef = 5AB1806B26B8846B007AF766 /* TipView.swift */; };
		5AB1807626B8849A007AF766 /* ProfileUIView.swift in Sources */ = {isa = PBXBuildFile; fileRef = 5AB1806E26B8849A007AF766 /* ProfileUIView.swift */; };
		5AB1807726B8849A007AF766 /* ChangePasscodeView.swift in Sources */ = {isa = PBXBuildFile; fileRef = 5AB1807026B8849A007AF766 /* ChangePasscodeView.swift */; };
		5AB1807826B8849A007AF766 /* ReportView.swift in Sources */ = {isa = PBXBuildFile; fileRef = 5AB1807126B8849A007AF766 /* ReportView.swift */; };
		5AB1807926B8849A007AF766 /* SupportView.swift in Sources */ = {isa = PBXBuildFile; fileRef = 5AB1807226B8849A007AF766 /* SupportView.swift */; };
		5AB1807A26B8849A007AF766 /* HelpView.swift in Sources */ = {isa = PBXBuildFile; fileRef = 5AB1807326B8849A007AF766 /* HelpView.swift */; };
		5AB1807C26B8849A007AF766 /* WithdrawView.swift in Sources */ = {isa = PBXBuildFile; fileRef = 5AB1807526B8849A007AF766 /* WithdrawView.swift */; };
		5AB1807E26B884C3007AF766 /* PasscodeViewController.swift in Sources */ = {isa = PBXBuildFile; fileRef = 5AB1807D26B884C3007AF766 /* PasscodeViewController.swift */; };
		5AB1808026B8877C007AF766 /* OCKStore + SampleData.swift in Sources */ = {isa = PBXBuildFile; fileRef = 5AB1807F26B8877C007AF766 /* OCKStore + SampleData.swift */; };
		5AB1808226B88A2B007AF766 /* Metrics.swift in Sources */ = {isa = PBXBuildFile; fileRef = 5AB1808126B88A2B007AF766 /* Metrics.swift */; };
		5AB1808426B88BDE007AF766 /* LoginExistingUserViewController.swift in Sources */ = {isa = PBXBuildFile; fileRef = 5AB1808326B88BDE007AF766 /* LoginExistingUserViewController.swift */; };
		5AB1808826B9C489007AF766 /* ScheduleViewController.swift in Sources */ = {isa = PBXBuildFile; fileRef = 5AB1808726B9C489007AF766 /* ScheduleViewController.swift */; };
		5AB1808A26B9C76D007AF766 /* SurveyItemViewController.swift in Sources */ = {isa = PBXBuildFile; fileRef = 5AB1808926B9C76D007AF766 /* SurveyItemViewController.swift */; };
		5AB1808D26BC4ED6007AF766 /* LoginViewController.swift in Sources */ = {isa = PBXBuildFile; fileRef = 5AB1808C26BC4ED6007AF766 /* LoginViewController.swift */; };
		5AB1808F26BC58DE007AF766 /* HealthRecordStep.swift in Sources */ = {isa = PBXBuildFile; fileRef = 5AB1808E26BC58DE007AF766 /* HealthRecordStep.swift */; };
		CE2DB9C7263B1EC400E2FB88 /* AppSysParameters.yml in Resources */ = {isa = PBXBuildFile; fileRef = CE2DB9C6263B1EC400E2FB88 /* AppSysParameters.yml */; };
		CE482CF7262C954A00C0A2D5 /* AppDelegate.swift in Sources */ = {isa = PBXBuildFile; fileRef = CE482CF6262C954A00C0A2D5 /* AppDelegate.swift */; };
		CE482CF9262C954A00C0A2D5 /* SceneDelegate.swift in Sources */ = {isa = PBXBuildFile; fileRef = CE482CF8262C954A00C0A2D5 /* SceneDelegate.swift */; };
		CE482CFB262C954A00C0A2D5 /* ContentView.swift in Sources */ = {isa = PBXBuildFile; fileRef = CE482CFA262C954A00C0A2D5 /* ContentView.swift */; };
		CE482CFD262C954C00C0A2D5 /* Assets.xcassets in Resources */ = {isa = PBXBuildFile; fileRef = CE482CFC262C954C00C0A2D5 /* Assets.xcassets */; };
		CE482D00262C954C00C0A2D5 /* Preview Assets.xcassets in Resources */ = {isa = PBXBuildFile; fileRef = CE482CFF262C954C00C0A2D5 /* Preview Assets.xcassets */; };
		CE482D03262C954C00C0A2D5 /* LaunchScreen.storyboard in Resources */ = {isa = PBXBuildFile; fileRef = CE482D01262C954C00C0A2D5 /* LaunchScreen.storyboard */; };
/* End PBXBuildFile section */

/* Begin PBXFileReference section */
		5A41D022266A9106007CCEB4 /* MainView.swift */ = {isa = PBXFileReference; lastKnownFileType = sourcecode.swift; path = MainView.swift; sourceTree = "<group>"; };
		5A41D033266A91CB007CCEB4 /* TasksUIView.swift */ = {isa = PBXFileReference; lastKnownFileType = sourcecode.swift; path = TasksUIView.swift; sourceTree = "<group>"; };
		5A41D036266A955C007CCEB4 /* TaskItem.swift */ = {isa = PBXFileReference; lastKnownFileType = sourcecode.swift; path = TaskItem.swift; sourceTree = "<group>"; };
		5A41D039266A9D08007CCEB4 /* TaskViewController.swift */ = {isa = PBXFileReference; lastKnownFileType = sourcecode.swift; path = TaskViewController.swift; sourceTree = "<group>"; };
		5A41D03C266AA305007CCEB4 /* TaskSamples.swift */ = {isa = PBXFileReference; lastKnownFileType = sourcecode.swift; path = TaskSamples.swift; sourceTree = "<group>"; };
		5A41D03F266AA517007CCEB4 /* TaskItemView.swift */ = {isa = PBXFileReference; lastKnownFileType = sourcecode.swift; path = TaskItemView.swift; sourceTree = "<group>"; };
		5A41E8A7267A5FCC007CCEB4 /* HealthDataStep.swift */ = {isa = PBXFileReference; lastKnownFileType = sourcecode.swift; path = HealthDataStep.swift; sourceTree = "<group>"; };
		5A49626E26D4A2EA00A4B4DF /* DataModel.swift */ = {isa = PBXFileReference; fileEncoding = 4; lastKnownFileType = sourcecode.swift; path = DataModel.swift; sourceTree = "<group>"; };
		5A49626F26D4A2EA00A4B4DF /* YmlReader.swift */ = {isa = PBXFileReference; fileEncoding = 4; lastKnownFileType = sourcecode.swift; path = YmlReader.swift; sourceTree = "<group>"; };
		5A49627726DD5A8D00A4B4DF /* WithdrawalViewController.swift */ = {isa = PBXFileReference; lastKnownFileType = sourcecode.swift; path = WithdrawalViewController.swift; sourceTree = "<group>"; };
		5A49627926DE69AE00A4B4DF /* OTFHealthKitManager.swift */ = {isa = PBXFileReference; lastKnownFileType = sourcecode.swift; path = OTFHealthKitManager.swift; sourceTree = "<group>"; };
		5A49627B26DE6A2E00A4B4DF /* ActivityManager.swift */ = {isa = PBXFileReference; lastKnownFileType = sourcecode.swift; path = ActivityManager.swift; sourceTree = "<group>"; };
		5A49627D26DEA59F00A4B4DF /* HealthKitManager.swift */ = {isa = PBXFileReference; lastKnownFileType = sourcecode.swift; path = HealthKitManager.swift; sourceTree = "<group>"; };
		5A49627F26DF3EC900A4B4DF /* OTFLog.swift */ = {isa = PBXFileReference; lastKnownFileType = sourcecode.swift; path = OTFLog.swift; sourceTree = "<group>"; };
		5A49628326DF73B700A4B4DF /* OTFMagicBox.entitlements */ = {isa = PBXFileReference; lastKnownFileType = text.plist.entitlements; path = OTFMagicBox.entitlements; sourceTree = "<group>"; };
		5A49628426DF73B700A4B4DF /* HealthKit.framework */ = {isa = PBXFileReference; lastKnownFileType = wrapper.framework; name = HealthKit.framework; path = System/Library/Frameworks/HealthKit.framework; sourceTree = SDKROOT; };
		5A49628626DFEEBC00A4B4DF /* PasswordlessLoginStep.swift */ = {isa = PBXFileReference; lastKnownFileType = sourcecode.swift; path = PasswordlessLoginStep.swift; sourceTree = "<group>"; };
		5A49628C26E1BD5C00A4B4DF /* UIColor.swift */ = {isa = PBXFileReference; lastKnownFileType = sourcecode.swift; path = UIColor.swift; sourceTree = "<group>"; };
		5A49628E26E206D200A4B4DF /* HealthRecordManager.swift */ = {isa = PBXFileReference; lastKnownFileType = sourcecode.swift; path = HealthRecordManager.swift; sourceTree = "<group>"; };
		5A49632326EB257200A4B4DF /* Extension+UIImage.swift */ = {isa = PBXFileReference; lastKnownFileType = sourcecode.swift; path = "Extension+UIImage.swift"; sourceTree = "<group>"; };
		5A49632526EB5D8F00A4B4DF /* Extension+String.swift */ = {isa = PBXFileReference; lastKnownFileType = sourcecode.swift; path = "Extension+String.swift"; sourceTree = "<group>"; };
		5A49632726EB5DDD00A4B4DF /* Extension+Character.swift */ = {isa = PBXFileReference; lastKnownFileType = sourcecode.swift; path = "Extension+Character.swift"; sourceTree = "<group>"; };
		5A7B6D7E26F0A1FF00F872A1 /* LoginCustomWaitStep.swift */ = {isa = PBXFileReference; lastKnownFileType = sourcecode.swift; path = LoginCustomWaitStep.swift; sourceTree = "<group>"; };
		5AADFD37264E86950069FEF7 /* OnboardingItemView.swift */ = {isa = PBXFileReference; fileEncoding = 4; lastKnownFileType = sourcecode.swift; path = OnboardingItemView.swift; sourceTree = "<group>"; };
		5AADFD38264E86950069FEF7 /* OnboardingView.swift */ = {isa = PBXFileReference; fileEncoding = 4; lastKnownFileType = sourcecode.swift; path = OnboardingView.swift; sourceTree = "<group>"; };
		5AADFD46264E89510069FEF7 /* ConsentDocument.swift */ = {isa = PBXFileReference; lastKnownFileType = sourcecode.swift; path = ConsentDocument.swift; sourceTree = "<group>"; };
		5AADFD49264E92690069FEF7 /* ActivitiesViewController.swift */ = {isa = PBXFileReference; lastKnownFileType = sourcecode.swift; path = ActivitiesViewController.swift; sourceTree = "<group>"; };
		5AADFD4C264E98950069FEF7 /* OnboardingViewCoordinator.swift */ = {isa = PBXFileReference; lastKnownFileType = sourcecode.swift; path = OnboardingViewCoordinator.swift; sourceTree = "<group>"; };
		5AADFD4F264E9A880069FEF7 /* Constants.swift */ = {isa = PBXFileReference; lastKnownFileType = sourcecode.swift; path = Constants.swift; sourceTree = "<group>"; };
		5AADFD76264FE8EE0069FEF7 /* LaunchView.swift */ = {isa = PBXFileReference; lastKnownFileType = sourcecode.swift; path = LaunchView.swift; sourceTree = "<group>"; };
		5AB1806526B88051007AF766 /* ScheduleViewControllerRepresentable.swift */ = {isa = PBXFileReference; fileEncoding = 4; lastKnownFileType = sourcecode.swift; path = ScheduleViewControllerRepresentable.swift; sourceTree = "<group>"; };
		5AB1806726B882E9007AF766 /* ContactsViewController.swift */ = {isa = PBXFileReference; lastKnownFileType = sourcecode.swift; path = ContactsViewController.swift; sourceTree = "<group>"; };
		5AB1806B26B8846B007AF766 /* TipView.swift */ = {isa = PBXFileReference; fileEncoding = 4; lastKnownFileType = sourcecode.swift; path = TipView.swift; sourceTree = "<group>"; };
		5AB1806E26B8849A007AF766 /* ProfileUIView.swift */ = {isa = PBXFileReference; fileEncoding = 4; lastKnownFileType = sourcecode.swift; path = ProfileUIView.swift; sourceTree = "<group>"; };
		5AB1807026B8849A007AF766 /* ChangePasscodeView.swift */ = {isa = PBXFileReference; fileEncoding = 4; lastKnownFileType = sourcecode.swift; path = ChangePasscodeView.swift; sourceTree = "<group>"; };
		5AB1807126B8849A007AF766 /* ReportView.swift */ = {isa = PBXFileReference; fileEncoding = 4; lastKnownFileType = sourcecode.swift; path = ReportView.swift; sourceTree = "<group>"; };
		5AB1807226B8849A007AF766 /* SupportView.swift */ = {isa = PBXFileReference; fileEncoding = 4; lastKnownFileType = sourcecode.swift; path = SupportView.swift; sourceTree = "<group>"; };
		5AB1807326B8849A007AF766 /* HelpView.swift */ = {isa = PBXFileReference; fileEncoding = 4; lastKnownFileType = sourcecode.swift; path = HelpView.swift; sourceTree = "<group>"; };
		5AB1807526B8849A007AF766 /* WithdrawView.swift */ = {isa = PBXFileReference; fileEncoding = 4; lastKnownFileType = sourcecode.swift; path = WithdrawView.swift; sourceTree = "<group>"; };
		5AB1807D26B884C3007AF766 /* PasscodeViewController.swift */ = {isa = PBXFileReference; fileEncoding = 4; lastKnownFileType = sourcecode.swift; path = PasscodeViewController.swift; sourceTree = "<group>"; };
		5AB1807F26B8877C007AF766 /* OCKStore + SampleData.swift */ = {isa = PBXFileReference; fileEncoding = 4; lastKnownFileType = sourcecode.swift; path = "OCKStore + SampleData.swift"; sourceTree = "<group>"; };
		5AB1808126B88A2B007AF766 /* Metrics.swift */ = {isa = PBXFileReference; fileEncoding = 4; lastKnownFileType = sourcecode.swift; path = Metrics.swift; sourceTree = "<group>"; };
		5AB1808326B88BDE007AF766 /* LoginExistingUserViewController.swift */ = {isa = PBXFileReference; fileEncoding = 4; lastKnownFileType = sourcecode.swift; path = LoginExistingUserViewController.swift; sourceTree = "<group>"; };
		5AB1808726B9C489007AF766 /* ScheduleViewController.swift */ = {isa = PBXFileReference; fileEncoding = 4; lastKnownFileType = sourcecode.swift; path = ScheduleViewController.swift; sourceTree = "<group>"; };
		5AB1808926B9C76D007AF766 /* SurveyItemViewController.swift */ = {isa = PBXFileReference; fileEncoding = 4; lastKnownFileType = sourcecode.swift; path = SurveyItemViewController.swift; sourceTree = "<group>"; };
		5AB1808C26BC4ED6007AF766 /* LoginViewController.swift */ = {isa = PBXFileReference; fileEncoding = 4; lastKnownFileType = sourcecode.swift; path = LoginViewController.swift; sourceTree = "<group>"; };
		5AB1808E26BC58DE007AF766 /* HealthRecordStep.swift */ = {isa = PBXFileReference; fileEncoding = 4; lastKnownFileType = sourcecode.swift; path = HealthRecordStep.swift; sourceTree = "<group>"; };
		7E6F4B3F432E6CCCF59C0F52 /* Pods-OTFMagicBox.debug.xcconfig */ = {isa = PBXFileReference; includeInIndex = 1; lastKnownFileType = text.xcconfig; name = "Pods-OTFMagicBox.debug.xcconfig"; path = "Target Support Files/Pods-OTFMagicBox/Pods-OTFMagicBox.debug.xcconfig"; sourceTree = "<group>"; };
		85BEAE3D6B4CD3A1DBBD6B74 /* Pods_OTFMagicBox.framework */ = {isa = PBXFileReference; explicitFileType = wrapper.framework; includeInIndex = 0; path = Pods_OTFMagicBox.framework; sourceTree = BUILT_PRODUCTS_DIR; };
		CE2DB9C6263B1EC400E2FB88 /* AppSysParameters.yml */ = {isa = PBXFileReference; lastKnownFileType = text.yaml; path = AppSysParameters.yml; sourceTree = "<group>"; };
		CE482CF3262C954A00C0A2D5 /* OTFMagicBox.app */ = {isa = PBXFileReference; explicitFileType = wrapper.application; includeInIndex = 0; path = OTFMagicBox.app; sourceTree = BUILT_PRODUCTS_DIR; };
		CE482CF6262C954A00C0A2D5 /* AppDelegate.swift */ = {isa = PBXFileReference; lastKnownFileType = sourcecode.swift; path = AppDelegate.swift; sourceTree = "<group>"; };
		CE482CF8262C954A00C0A2D5 /* SceneDelegate.swift */ = {isa = PBXFileReference; lastKnownFileType = sourcecode.swift; path = SceneDelegate.swift; sourceTree = "<group>"; };
		CE482CFA262C954A00C0A2D5 /* ContentView.swift */ = {isa = PBXFileReference; lastKnownFileType = sourcecode.swift; path = ContentView.swift; sourceTree = "<group>"; };
		CE482CFC262C954C00C0A2D5 /* Assets.xcassets */ = {isa = PBXFileReference; lastKnownFileType = folder.assetcatalog; path = Assets.xcassets; sourceTree = "<group>"; };
		CE482CFF262C954C00C0A2D5 /* Preview Assets.xcassets */ = {isa = PBXFileReference; lastKnownFileType = folder.assetcatalog; path = "Preview Assets.xcassets"; sourceTree = "<group>"; };
		CE482D02262C954C00C0A2D5 /* Base */ = {isa = PBXFileReference; lastKnownFileType = file.storyboard; name = Base; path = Base.lproj/LaunchScreen.storyboard; sourceTree = "<group>"; };
		CE482D04262C954C00C0A2D5 /* Info.plist */ = {isa = PBXFileReference; lastKnownFileType = text.plist.xml; path = Info.plist; sourceTree = "<group>"; };
		E70AF36DC1FAEC7BE7ECCA0B /* Pods-OTFMagicBox.release.xcconfig */ = {isa = PBXFileReference; includeInIndex = 1; lastKnownFileType = text.xcconfig; name = "Pods-OTFMagicBox.release.xcconfig"; path = "Target Support Files/Pods-OTFMagicBox/Pods-OTFMagicBox.release.xcconfig"; sourceTree = "<group>"; };
/* End PBXFileReference section */

/* Begin PBXFrameworksBuildPhase section */
		CE482CF0262C954A00C0A2D5 /* Frameworks */ = {
			isa = PBXFrameworksBuildPhase;
			buildActionMask = 2147483647;
			files = (
				5A49628526DF73B700A4B4DF /* HealthKit.framework in Frameworks */,
				376B473E6B1320B510CDE27A /* Pods_OTFMagicBox.framework in Frameworks */,
			);
			runOnlyForDeploymentPostprocessing = 0;
		};
/* End PBXFrameworksBuildPhase section */

/* Begin PBXGroup section */
		5A41CD0D2664D729007CCEB4 /* HealthData */ = {
			isa = PBXGroup;
			children = (
				5AB1808E26BC58DE007AF766 /* HealthRecordStep.swift */,
				5A41E8A7267A5FCC007CCEB4 /* HealthDataStep.swift */,
			);
			path = HealthData;
			sourceTree = "<group>";
		};
		5A41D032266A91B0007CCEB4 /* Tasks */ = {
			isa = PBXGroup;
			children = (
				5A41D033266A91CB007CCEB4 /* TasksUIView.swift */,
				5A41D036266A955C007CCEB4 /* TaskItem.swift */,
				5A41D039266A9D08007CCEB4 /* TaskViewController.swift */,
				5A41D03C266AA305007CCEB4 /* TaskSamples.swift */,
				5A41D03F266AA517007CCEB4 /* TaskItemView.swift */,
			);
			path = Tasks;
			sourceTree = "<group>";
		};
		5A41D164266CBA41007CCEB4 /* Views */ = {
			isa = PBXGroup;
			children = (
				5AADFD49264E92690069FEF7 /* ActivitiesViewController.swift */,
				5AADFD76264FE8EE0069FEF7 /* LaunchView.swift */,
				5A41D022266A9106007CCEB4 /* MainView.swift */,
			);
			path = Views;
			sourceTree = "<group>";
		};
		5A49626D26D4A2EA00A4B4DF /* Yaml */ = {
			isa = PBXGroup;
			children = (
				5A49626E26D4A2EA00A4B4DF /* DataModel.swift */,
				5A49626F26D4A2EA00A4B4DF /* YmlReader.swift */,
			);
			path = Yaml;
			sourceTree = "<group>";
		};
		5A49632926EB5E2E00A4B4DF /* Extension */ = {
			isa = PBXGroup;
			children = (
				5A49632726EB5DDD00A4B4DF /* Extension+Character.swift */,
				5A49632526EB5D8F00A4B4DF /* Extension+String.swift */,
				5A49632326EB257200A4B4DF /* Extension+UIImage.swift */,
			);
			path = Extension;
			sourceTree = "<group>";
		};
		5AADFD35264E86950069FEF7 /* Onboarding */ = {
			isa = PBXGroup;
			children = (
				5AADFD37264E86950069FEF7 /* OnboardingItemView.swift */,
				5AADFD38264E86950069FEF7 /* OnboardingView.swift */,
				5AB1807D26B884C3007AF766 /* PasscodeViewController.swift */,
				5AADFD4C264E98950069FEF7 /* OnboardingViewCoordinator.swift */,
				5A49628626DFEEBC00A4B4DF /* PasswordlessLoginStep.swift */,
			);
			path = Onboarding;
			sourceTree = "<group>";
		};
		5AADFD3D264E86A20069FEF7 /* Library */ = {
			isa = PBXGroup;
			children = (
				5A49632926EB5E2E00A4B4DF /* Extension */,
				5A49626D26D4A2EA00A4B4DF /* Yaml */,
				5AADFD4F264E9A880069FEF7 /* Constants.swift */,
				5AB1808126B88A2B007AF766 /* Metrics.swift */,
				5A49627D26DEA59F00A4B4DF /* HealthKitManager.swift */,
				5A49627926DE69AE00A4B4DF /* OTFHealthKitManager.swift */,
				5A49627B26DE6A2E00A4B4DF /* ActivityManager.swift */,
				5A49627F26DF3EC900A4B4DF /* OTFLog.swift */,
				5A49628C26E1BD5C00A4B4DF /* UIColor.swift */,
				5A49628E26E206D200A4B4DF /* HealthRecordManager.swift */,
			);
			path = Library;
			sourceTree = "<group>";
		};
		5AADFD43264E86B00069FEF7 /* Login */ = {
			isa = PBXGroup;
			children = (
				5AB1808C26BC4ED6007AF766 /* LoginViewController.swift */,
				5AB1808326B88BDE007AF766 /* LoginExistingUserViewController.swift */,
				5A7B6D7E26F0A1FF00F872A1 /* LoginCustomWaitStep.swift */,
			);
			path = Login;
			sourceTree = "<group>";
		};
		5AADFD44264E86C40069FEF7 /* Consent */ = {
			isa = PBXGroup;
			children = (
				5AADFD46264E89510069FEF7 /* ConsentDocument.swift */,
			);
			path = Consent;
			sourceTree = "<group>";
		};
		5AB1806426B87FCB007AF766 /* Schedule */ = {
			isa = PBXGroup;
			children = (
				5AB1806526B88051007AF766 /* ScheduleViewControllerRepresentable.swift */,
				5AB1808726B9C489007AF766 /* ScheduleViewController.swift */,
				5AB1808926B9C76D007AF766 /* SurveyItemViewController.swift */,
				5AB1806B26B8846B007AF766 /* TipView.swift */,
			);
			path = Schedule;
			sourceTree = "<group>";
		};
		5AB1806D26B8849A007AF766 /* Profile */ = {
			isa = PBXGroup;
			children = (
				5AB1806E26B8849A007AF766 /* ProfileUIView.swift */,
				5AB1806F26B8849A007AF766 /* Views */,
			);
			path = Profile;
			sourceTree = "<group>";
		};
		5AB1806F26B8849A007AF766 /* Views */ = {
			isa = PBXGroup;
			children = (
				5AB1807026B8849A007AF766 /* ChangePasscodeView.swift */,
				5AB1807126B8849A007AF766 /* ReportView.swift */,
				5AB1807226B8849A007AF766 /* SupportView.swift */,
				5AB1807326B8849A007AF766 /* HelpView.swift */,
				5AB1807526B8849A007AF766 /* WithdrawView.swift */,
				5A49627726DD5A8D00A4B4DF /* WithdrawalViewController.swift */,
			);
			path = Views;
			sourceTree = "<group>";
		};
		5AB1808B26BAADB1007AF766 /* Contacts */ = {
			isa = PBXGroup;
			children = (
				5AB1806726B882E9007AF766 /* ContactsViewController.swift */,
			);
			path = Contacts;
			sourceTree = "<group>";
		};
		8C979D2203D122CC68BA93F2 /* Pods */ = {
			isa = PBXGroup;
			children = (
				7E6F4B3F432E6CCCF59C0F52 /* Pods-OTFMagicBox.debug.xcconfig */,
				E70AF36DC1FAEC7BE7ECCA0B /* Pods-OTFMagicBox.release.xcconfig */,
			);
			path = Pods;
			sourceTree = "<group>";
		};
		C9D92AAC7DE27C25427A4DB9 /* Frameworks */ = {
			isa = PBXGroup;
			children = (
				5A49628426DF73B700A4B4DF /* HealthKit.framework */,
				85BEAE3D6B4CD3A1DBBD6B74 /* Pods_OTFMagicBox.framework */,
			);
			name = Frameworks;
			sourceTree = "<group>";
		};
		CE482CEA262C954A00C0A2D5 = {
			isa = PBXGroup;
			children = (
				CE482CF5262C954A00C0A2D5 /* OTFMagicBox */,
				CE482CF4262C954A00C0A2D5 /* Products */,
				8C979D2203D122CC68BA93F2 /* Pods */,
				C9D92AAC7DE27C25427A4DB9 /* Frameworks */,
			);
			sourceTree = "<group>";
		};
		CE482CF4262C954A00C0A2D5 /* Products */ = {
			isa = PBXGroup;
			children = (
				CE482CF3262C954A00C0A2D5 /* OTFMagicBox.app */,
			);
			name = Products;
			sourceTree = "<group>";
		};
		CE482CF5262C954A00C0A2D5 /* OTFMagicBox */ = {
			isa = PBXGroup;
			children = (
				5A49628326DF73B700A4B4DF /* OTFMagicBox.entitlements */,
				5AB1808B26BAADB1007AF766 /* Contacts */,
				5AB1806D26B8849A007AF766 /* Profile */,
				5AB1806426B87FCB007AF766 /* Schedule */,
				5A41D164266CBA41007CCEB4 /* Views */,
				5A41D032266A91B0007CCEB4 /* Tasks */,
				5A41CD0D2664D729007CCEB4 /* HealthData */,
				5AADFD44264E86C40069FEF7 /* Consent */,
				5AADFD43264E86B00069FEF7 /* Login */,
				5AADFD3D264E86A20069FEF7 /* Library */,
				5AADFD35264E86950069FEF7 /* Onboarding */,
				CE482CF8262C954A00C0A2D5 /* SceneDelegate.swift */,
				CE482CF6262C954A00C0A2D5 /* AppDelegate.swift */,
				5AB1807F26B8877C007AF766 /* OCKStore + SampleData.swift */,
				CE2DB9C6263B1EC400E2FB88 /* AppSysParameters.yml */,
				CE482CFA262C954A00C0A2D5 /* ContentView.swift */,
				CE482CFC262C954C00C0A2D5 /* Assets.xcassets */,
				CE482D01262C954C00C0A2D5 /* LaunchScreen.storyboard */,
				CE482D04262C954C00C0A2D5 /* Info.plist */,
				CE482CFE262C954C00C0A2D5 /* Preview Content */,
			);
			path = OTFMagicBox;
			sourceTree = "<group>";
		};
		CE482CFE262C954C00C0A2D5 /* Preview Content */ = {
			isa = PBXGroup;
			children = (
				CE482CFF262C954C00C0A2D5 /* Preview Assets.xcassets */,
			);
			path = "Preview Content";
			sourceTree = "<group>";
		};
/* End PBXGroup section */

/* Begin PBXNativeTarget section */
		CE482CF2262C954A00C0A2D5 /* OTFMagicBox */ = {
			isa = PBXNativeTarget;
			buildConfigurationList = CE482D07262C954C00C0A2D5 /* Build configuration list for PBXNativeTarget "OTFMagicBox" */;
			buildPhases = (
				AEDE9E377AB5E73F37337812 /* [CP] Check Pods Manifest.lock */,
				CE482CEF262C954A00C0A2D5 /* Sources */,
				CE482CF0262C954A00C0A2D5 /* Frameworks */,
				CE482CF1262C954A00C0A2D5 /* Resources */,
				7B397C6D0872B3C1DAEBC826 /* [CP] Embed Pods Frameworks */,
			);
			buildRules = (
			);
			dependencies = (
			);
			name = OTFMagicBox;
			productName = CompletelyNewApp;
			productReference = CE482CF3262C954A00C0A2D5 /* OTFMagicBox.app */;
			productType = "com.apple.product-type.application";
		};
/* End PBXNativeTarget section */

/* Begin PBXProject section */
		CE482CEB262C954A00C0A2D5 /* Project object */ = {
			isa = PBXProject;
			attributes = {
				LastSwiftUpdateCheck = 1240;
				LastUpgradeCheck = 1240;
				TargetAttributes = {
					CE482CF2262C954A00C0A2D5 = {
						CreatedOnToolsVersion = 12.4;
					};
				};
			};
			buildConfigurationList = CE482CEE262C954A00C0A2D5 /* Build configuration list for PBXProject "OTFMagicBox" */;
			compatibilityVersion = "Xcode 9.3";
			developmentRegion = en;
			hasScannedForEncodings = 0;
			knownRegions = (
				en,
				Base,
			);
			mainGroup = CE482CEA262C954A00C0A2D5;
			productRefGroup = CE482CF4262C954A00C0A2D5 /* Products */;
			projectDirPath = "";
			projectRoot = "";
			targets = (
				CE482CF2262C954A00C0A2D5 /* OTFMagicBox */,
			);
		};
/* End PBXProject section */

/* Begin PBXResourcesBuildPhase section */
		CE482CF1262C954A00C0A2D5 /* Resources */ = {
			isa = PBXResourcesBuildPhase;
			buildActionMask = 2147483647;
			files = (
				CE2DB9C7263B1EC400E2FB88 /* AppSysParameters.yml in Resources */,
				CE482D03262C954C00C0A2D5 /* LaunchScreen.storyboard in Resources */,
				CE482D00262C954C00C0A2D5 /* Preview Assets.xcassets in Resources */,
				CE482CFD262C954C00C0A2D5 /* Assets.xcassets in Resources */,
			);
			runOnlyForDeploymentPostprocessing = 0;
		};
/* End PBXResourcesBuildPhase section */

/* Begin PBXShellScriptBuildPhase section */
		7B397C6D0872B3C1DAEBC826 /* [CP] Embed Pods Frameworks */ = {
			isa = PBXShellScriptBuildPhase;
			buildActionMask = 2147483647;
			files = (
			);
			inputFileListPaths = (
				"${PODS_ROOT}/Target Support Files/Pods-OTFMagicBox/Pods-OTFMagicBox-frameworks-${CONFIGURATION}-input-files.xcfilelist",
			);
			name = "[CP] Embed Pods Frameworks";
			outputFileListPaths = (
				"${PODS_ROOT}/Target Support Files/Pods-OTFMagicBox/Pods-OTFMagicBox-frameworks-${CONFIGURATION}-output-files.xcfilelist",
			);
			runOnlyForDeploymentPostprocessing = 0;
			shellPath = /bin/sh;
			shellScript = "\"${PODS_ROOT}/Target Support Files/Pods-OTFMagicBox/Pods-OTFMagicBox-frameworks.sh\"\n";
			showEnvVarsInLog = 0;
		};
		AEDE9E377AB5E73F37337812 /* [CP] Check Pods Manifest.lock */ = {
			isa = PBXShellScriptBuildPhase;
			buildActionMask = 2147483647;
			files = (
			);
			inputFileListPaths = (
			);
			inputPaths = (
				"${PODS_PODFILE_DIR_PATH}/Podfile.lock",
				"${PODS_ROOT}/Manifest.lock",
			);
			name = "[CP] Check Pods Manifest.lock";
			outputFileListPaths = (
			);
			outputPaths = (
				"$(DERIVED_FILE_DIR)/Pods-OTFMagicBox-checkManifestLockResult.txt",
			);
			runOnlyForDeploymentPostprocessing = 0;
			shellPath = /bin/sh;
			shellScript = "diff \"${PODS_PODFILE_DIR_PATH}/Podfile.lock\" \"${PODS_ROOT}/Manifest.lock\" > /dev/null\nif [ $? != 0 ] ; then\n    # print error to STDERR\n    echo \"error: The sandbox is not in sync with the Podfile.lock. Run 'pod install' or update your CocoaPods installation.\" >&2\n    exit 1\nfi\n# This output is used by Xcode 'outputs' to avoid re-running this script phase.\necho \"SUCCESS\" > \"${SCRIPT_OUTPUT_FILE_0}\"\n";
			showEnvVarsInLog = 0;
		};
/* End PBXShellScriptBuildPhase section */

/* Begin PBXSourcesBuildPhase section */
		CE482CEF262C954A00C0A2D5 /* Sources */ = {
			isa = PBXSourcesBuildPhase;
			buildActionMask = 2147483647;
			files = (
				CE482CF7262C954A00C0A2D5 /* AppDelegate.swift in Sources */,
				5AB1806826B882E9007AF766 /* ContactsViewController.swift in Sources */,
				5A41D034266A91CB007CCEB4 /* TasksUIView.swift in Sources */,
				5AB1808826B9C489007AF766 /* ScheduleViewController.swift in Sources */,
				5A49632426EB257200A4B4DF /* Extension+UIImage.swift in Sources */,
				5AADFD47264E89510069FEF7 /* ConsentDocument.swift in Sources */,
				5AADFD4D264E98950069FEF7 /* OnboardingViewCoordinator.swift in Sources */,
				5A49627026D4A2EA00A4B4DF /* DataModel.swift in Sources */,
				5A49627826DD5A8D00A4B4DF /* WithdrawalViewController.swift in Sources */,
				5A49632826EB5DDD00A4B4DF /* Extension+Character.swift in Sources */,
				5AADFD77264FE8EE0069FEF7 /* LaunchView.swift in Sources */,
				5A49628026DF3EC900A4B4DF /* OTFLog.swift in Sources */,
				5AB1807A26B8849A007AF766 /* HelpView.swift in Sources */,
				5AB1808A26B9C76D007AF766 /* SurveyItemViewController.swift in Sources */,
				5AB1807E26B884C3007AF766 /* PasscodeViewController.swift in Sources */,
				5AB1806C26B8846B007AF766 /* TipView.swift in Sources */,
				5AB1808426B88BDE007AF766 /* LoginExistingUserViewController.swift in Sources */,
				5A49627A26DE69AE00A4B4DF /* OTFHealthKitManager.swift in Sources */,
				5AB1807C26B8849A007AF766 /* WithdrawView.swift in Sources */,
				5AB1808F26BC58DE007AF766 /* HealthRecordStep.swift in Sources */,
				5A41E8A8267A5FCC007CCEB4 /* HealthDataStep.swift in Sources */,
				5AB1808226B88A2B007AF766 /* Metrics.swift in Sources */,
				5AB1808026B8877C007AF766 /* OCKStore + SampleData.swift in Sources */,
				5A49628726DFEEBC00A4B4DF /* PasswordlessLoginStep.swift in Sources */,
				5A41D037266A955C007CCEB4 /* TaskItem.swift in Sources */,
				5AB1807926B8849A007AF766 /* SupportView.swift in Sources */,
				CE482CF9262C954A00C0A2D5 /* SceneDelegate.swift in Sources */,
				5A49628F26E206D200A4B4DF /* HealthRecordManager.swift in Sources */,
				5A41D03D266AA305007CCEB4 /* TaskSamples.swift in Sources */,
				5A7B6D7F26F0A1FF00F872A1 /* LoginCustomWaitStep.swift in Sources */,
				5AADFD3A264E86950069FEF7 /* OnboardingItemView.swift in Sources */,
				5AB1806626B88051007AF766 /* ScheduleViewControllerRepresentable.swift in Sources */,
				5AADFD3B264E86950069FEF7 /* OnboardingView.swift in Sources */,
				5A49632626EB5D8F00A4B4DF /* Extension+String.swift in Sources */,
				5A41D03A266A9D08007CCEB4 /* TaskViewController.swift in Sources */,
				5AB1807626B8849A007AF766 /* ProfileUIView.swift in Sources */,
				5A41D040266AA517007CCEB4 /* TaskItemView.swift in Sources */,
				CE482CFB262C954A00C0A2D5 /* ContentView.swift in Sources */,
				5AB1808D26BC4ED6007AF766 /* LoginViewController.swift in Sources */,
				5A49628D26E1BD5D00A4B4DF /* UIColor.swift in Sources */,
				5AB1807726B8849A007AF766 /* ChangePasscodeView.swift in Sources */,
				5A49627126D4A2EA00A4B4DF /* YmlReader.swift in Sources */,
				5A49627E26DEA59F00A4B4DF /* HealthKitManager.swift in Sources */,
				5AB1807826B8849A007AF766 /* ReportView.swift in Sources */,
				5A49627C26DE6A2E00A4B4DF /* ActivityManager.swift in Sources */,
				5AADFD4A264E92690069FEF7 /* ActivitiesViewController.swift in Sources */,
				5AADFD50264E9A880069FEF7 /* Constants.swift in Sources */,
				5A41D023266A9106007CCEB4 /* MainView.swift in Sources */,
			);
			runOnlyForDeploymentPostprocessing = 0;
		};
/* End PBXSourcesBuildPhase section */

/* Begin PBXVariantGroup section */
		CE482D01262C954C00C0A2D5 /* LaunchScreen.storyboard */ = {
			isa = PBXVariantGroup;
			children = (
				CE482D02262C954C00C0A2D5 /* Base */,
			);
			name = LaunchScreen.storyboard;
			sourceTree = "<group>";
		};
/* End PBXVariantGroup section */

/* Begin XCBuildConfiguration section */
		CE482D05262C954C00C0A2D5 /* Debug */ = {
			isa = XCBuildConfiguration;
			buildSettings = {
				ALWAYS_SEARCH_USER_PATHS = NO;
				CLANG_ANALYZER_NONNULL = YES;
				CLANG_ANALYZER_NUMBER_OBJECT_CONVERSION = YES_AGGRESSIVE;
				CLANG_CXX_LANGUAGE_STANDARD = "gnu++14";
				CLANG_CXX_LIBRARY = "libc++";
				CLANG_ENABLE_MODULES = YES;
				CLANG_ENABLE_OBJC_ARC = YES;
				CLANG_ENABLE_OBJC_WEAK = YES;
				CLANG_WARN_BLOCK_CAPTURE_AUTORELEASING = YES;
				CLANG_WARN_BOOL_CONVERSION = YES;
				CLANG_WARN_COMMA = YES;
				CLANG_WARN_CONSTANT_CONVERSION = YES;
				CLANG_WARN_DEPRECATED_OBJC_IMPLEMENTATIONS = YES;
				CLANG_WARN_DIRECT_OBJC_ISA_USAGE = YES_ERROR;
				CLANG_WARN_DOCUMENTATION_COMMENTS = YES;
				CLANG_WARN_EMPTY_BODY = YES;
				CLANG_WARN_ENUM_CONVERSION = YES;
				CLANG_WARN_INFINITE_RECURSION = YES;
				CLANG_WARN_INT_CONVERSION = YES;
				CLANG_WARN_NON_LITERAL_NULL_CONVERSION = YES;
				CLANG_WARN_OBJC_IMPLICIT_RETAIN_SELF = YES;
				CLANG_WARN_OBJC_LITERAL_CONVERSION = YES;
				CLANG_WARN_OBJC_ROOT_CLASS = YES_ERROR;
				CLANG_WARN_QUOTED_INCLUDE_IN_FRAMEWORK_HEADER = YES;
				CLANG_WARN_RANGE_LOOP_ANALYSIS = YES;
				CLANG_WARN_STRICT_PROTOTYPES = YES;
				CLANG_WARN_SUSPICIOUS_MOVE = YES;
				CLANG_WARN_UNGUARDED_AVAILABILITY = YES_AGGRESSIVE;
				CLANG_WARN_UNREACHABLE_CODE = YES;
				CLANG_WARN__DUPLICATE_METHOD_MATCH = YES;
				COPY_PHASE_STRIP = NO;
				DEBUG_INFORMATION_FORMAT = dwarf;
				ENABLE_STRICT_OBJC_MSGSEND = YES;
				ENABLE_TESTABILITY = YES;
				GCC_C_LANGUAGE_STANDARD = gnu11;
				GCC_DYNAMIC_NO_PIC = NO;
				GCC_NO_COMMON_BLOCKS = YES;
				GCC_OPTIMIZATION_LEVEL = 0;
				GCC_PREPROCESSOR_DEFINITIONS = (
					"DEBUG=1",
					"$(inherited)",
				);
				GCC_WARN_64_TO_32_BIT_CONVERSION = YES;
				GCC_WARN_ABOUT_RETURN_TYPE = YES_ERROR;
				GCC_WARN_UNDECLARED_SELECTOR = YES;
				GCC_WARN_UNINITIALIZED_AUTOS = YES_AGGRESSIVE;
				GCC_WARN_UNUSED_FUNCTION = YES;
				GCC_WARN_UNUSED_VARIABLE = YES;
				IPHONEOS_DEPLOYMENT_TARGET = 14.4;
				MTL_ENABLE_DEBUG_INFO = INCLUDE_SOURCE;
				MTL_FAST_MATH = YES;
				ONLY_ACTIVE_ARCH = YES;
				SDKROOT = iphoneos;
				SWIFT_ACTIVE_COMPILATION_CONDITIONS = DEBUG;
				SWIFT_OPTIMIZATION_LEVEL = "-Onone";
			};
			name = Debug;
		};
		CE482D06262C954C00C0A2D5 /* Release */ = {
			isa = XCBuildConfiguration;
			buildSettings = {
				ALWAYS_SEARCH_USER_PATHS = NO;
				CLANG_ANALYZER_NONNULL = YES;
				CLANG_ANALYZER_NUMBER_OBJECT_CONVERSION = YES_AGGRESSIVE;
				CLANG_CXX_LANGUAGE_STANDARD = "gnu++14";
				CLANG_CXX_LIBRARY = "libc++";
				CLANG_ENABLE_MODULES = YES;
				CLANG_ENABLE_OBJC_ARC = YES;
				CLANG_ENABLE_OBJC_WEAK = YES;
				CLANG_WARN_BLOCK_CAPTURE_AUTORELEASING = YES;
				CLANG_WARN_BOOL_CONVERSION = YES;
				CLANG_WARN_COMMA = YES;
				CLANG_WARN_CONSTANT_CONVERSION = YES;
				CLANG_WARN_DEPRECATED_OBJC_IMPLEMENTATIONS = YES;
				CLANG_WARN_DIRECT_OBJC_ISA_USAGE = YES_ERROR;
				CLANG_WARN_DOCUMENTATION_COMMENTS = YES;
				CLANG_WARN_EMPTY_BODY = YES;
				CLANG_WARN_ENUM_CONVERSION = YES;
				CLANG_WARN_INFINITE_RECURSION = YES;
				CLANG_WARN_INT_CONVERSION = YES;
				CLANG_WARN_NON_LITERAL_NULL_CONVERSION = YES;
				CLANG_WARN_OBJC_IMPLICIT_RETAIN_SELF = YES;
				CLANG_WARN_OBJC_LITERAL_CONVERSION = YES;
				CLANG_WARN_OBJC_ROOT_CLASS = YES_ERROR;
				CLANG_WARN_QUOTED_INCLUDE_IN_FRAMEWORK_HEADER = YES;
				CLANG_WARN_RANGE_LOOP_ANALYSIS = YES;
				CLANG_WARN_STRICT_PROTOTYPES = YES;
				CLANG_WARN_SUSPICIOUS_MOVE = YES;
				CLANG_WARN_UNGUARDED_AVAILABILITY = YES_AGGRESSIVE;
				CLANG_WARN_UNREACHABLE_CODE = YES;
				CLANG_WARN__DUPLICATE_METHOD_MATCH = YES;
				COPY_PHASE_STRIP = NO;
				DEBUG_INFORMATION_FORMAT = "dwarf-with-dsym";
				ENABLE_NS_ASSERTIONS = NO;
				ENABLE_STRICT_OBJC_MSGSEND = YES;
				GCC_C_LANGUAGE_STANDARD = gnu11;
				GCC_NO_COMMON_BLOCKS = YES;
				GCC_WARN_64_TO_32_BIT_CONVERSION = YES;
				GCC_WARN_ABOUT_RETURN_TYPE = YES_ERROR;
				GCC_WARN_UNDECLARED_SELECTOR = YES;
				GCC_WARN_UNINITIALIZED_AUTOS = YES_AGGRESSIVE;
				GCC_WARN_UNUSED_FUNCTION = YES;
				GCC_WARN_UNUSED_VARIABLE = YES;
				IPHONEOS_DEPLOYMENT_TARGET = 14.4;
				MTL_ENABLE_DEBUG_INFO = NO;
				MTL_FAST_MATH = YES;
				SDKROOT = iphoneos;
				SWIFT_COMPILATION_MODE = wholemodule;
				SWIFT_OPTIMIZATION_LEVEL = "-O";
				VALIDATE_PRODUCT = YES;
			};
			name = Release;
		};
		CE482D08262C954C00C0A2D5 /* Debug */ = {
			isa = XCBuildConfiguration;
			baseConfigurationReference = 7E6F4B3F432E6CCCF59C0F52 /* Pods-OTFMagicBox.debug.xcconfig */;
			buildSettings = {
				ASSETCATALOG_COMPILER_APPICON_NAME = AppIcon;
				ASSETCATALOG_COMPILER_GLOBAL_ACCENT_COLOR_NAME = AccentColor;
				CODE_SIGN_ENTITLEMENTS = OTFMagicBox/OTFMagicBox.entitlements;
				CODE_SIGN_STYLE = Automatic;
				DEVELOPMENT_ASSET_PATHS = "\"SampleApp/Preview Content\"";
				DEVELOPMENT_TEAM = D25537G8CD;
				ENABLE_PREVIEWS = YES;
				INFOPLIST_FILE = OTFMagicBox/Info.plist;
				LD_RUNPATH_SEARCH_PATHS = (
					"$(inherited)",
					"@executable_path/Frameworks",
				);
				PRODUCT_BUNDLE_IDENTIFIER = com.curlybracers.OTFMagicBox;
				PRODUCT_NAME = "$(TARGET_NAME)";
				SWIFT_VERSION = 5.0;
				TARGETED_DEVICE_FAMILY = "1,2";
			};
			name = Debug;
		};
		CE482D09262C954C00C0A2D5 /* Release */ = {
			isa = XCBuildConfiguration;
			baseConfigurationReference = E70AF36DC1FAEC7BE7ECCA0B /* Pods-OTFMagicBox.release.xcconfig */;
			buildSettings = {
				ASSETCATALOG_COMPILER_APPICON_NAME = AppIcon;
				ASSETCATALOG_COMPILER_GLOBAL_ACCENT_COLOR_NAME = AccentColor;
				CODE_SIGN_ENTITLEMENTS = OTFMagicBox/OTFMagicBox.entitlements;
				CODE_SIGN_STYLE = Automatic;
				DEVELOPMENT_ASSET_PATHS = "\"SampleApp/Preview Content\"";
				DEVELOPMENT_TEAM = D25537G8CD;
				ENABLE_PREVIEWS = YES;
				INFOPLIST_FILE = OTFMagicBox/Info.plist;
				LD_RUNPATH_SEARCH_PATHS = (
					"$(inherited)",
					"@executable_path/Frameworks",
				);
				PRODUCT_BUNDLE_IDENTIFIER = com.curlybracers.OTFMagicBox;
				PRODUCT_NAME = "$(TARGET_NAME)";
				SWIFT_VERSION = 5.0;
				TARGETED_DEVICE_FAMILY = "1,2";
			};
			name = Release;
		};
/* End XCBuildConfiguration section */

/* Begin XCConfigurationList section */
		CE482CEE262C954A00C0A2D5 /* Build configuration list for PBXProject "OTFMagicBox" */ = {
			isa = XCConfigurationList;
			buildConfigurations = (
				CE482D05262C954C00C0A2D5 /* Debug */,
				CE482D06262C954C00C0A2D5 /* Release */,
			);
			defaultConfigurationIsVisible = 0;
			defaultConfigurationName = Release;
		};
		CE482D07262C954C00C0A2D5 /* Build configuration list for PBXNativeTarget "OTFMagicBox" */ = {
			isa = XCConfigurationList;
			buildConfigurations = (
				CE482D08262C954C00C0A2D5 /* Debug */,
				CE482D09262C954C00C0A2D5 /* Release */,
			);
			defaultConfigurationIsVisible = 0;
			defaultConfigurationName = Release;
		};
/* End XCConfigurationList section */
	};
	rootObject = CE482CEB262C954A00C0A2D5 /* Project object */;
}
